# This file is @generated by PDM.
# It is not intended for manual editing.

[metadata]
groups = ["default", "dev"]
strategy = ["inherit_metadata"]
lock_version = "4.5.0"
content_hash = "sha256:cdccb4c2216aa434604a783ad6d3211264c39fe04daa5df2cfb18f278f0b9538"

[[metadata.targets]]
requires_python = "~=3.14"

[[package]]
name = "basedpyright"
version = "1.39.8"
requires_python = ">=3.8"
summary = "static type checking for Python (but based)"
groups = ["default", "dev"]
dependencies = [
    "nodejs-wheel-binaries>=20.13.1",
]
files = [
    {file = "basedpyright-1.39.8-py3-none-any.whl", hash = "sha256:a79d89928064bd9023d429b50c625d87d023bacc2fe3932ef6c7bd13b5426048"},
    {file = "basedpyright-1.39.8.tar.gz", hash = "sha256:bb1a86d4d71425d52d1501b317fe23d45527baed06bd5d5e1a07cd4b60d07b55"},
]

[[package]]
name = "charset-normalizer"
version = "3.4.7"
requires_python = ">=3.7"
summary = "The Real First Universal Charset Detector. Open, modern and actively maintained alternative to Chardet."
groups = ["default"]
files = [
    {file = "charset_normalizer-3.4.7-cp314-cp314-macosx_10_15_universal2.whl", hash = "sha256:c36c333c39be2dbca264d7803333c896ab8fa7d4d6f0ab7edb7dfd7aea6e98c0"},
    {file = "charset_normalizer-3.4.7-cp314-cp314-manylinux2014_aarch64.manylinux_2_17_aarch64.manylinux_2_28_aarch64.whl", hash = "sha256:1c2aed2e5e41f24ea8ef1590b8e848a79b56f3a5564a65ceec43c9d692dc7d8a"},
    {file = "charset_normalizer-3.4.7-cp314-cp314-manylinux2014_ppc64le.manylinux_2_17_ppc64le.manylinux_2_28_ppc64le.whl", hash = "sha256:54523e136b8948060c0fa0bc7b1b50c32c186f2fceee897a495406bb6e311d2b"},
    {file = "charset_normalizer-3.4.7-cp314-cp314-manylinux2014_s390x.manylinux_2_17_s390x.manylinux_2_28_s390x.whl", hash = "sha256:715479b9a2802ecac752a3b0efa2b0b60285cf962ee38414211abdfccc233b41"},
    {file = "charset_normalizer-3.4.7-cp314-cp314-manylinux2014_x86_64.manylinux_2_17_x86_64.manylinux_2_28_x86_64.whl", hash = "sha256:bd6c2a1c7573c64738d716488d2cdd3c00e340e4835707d8fdb8dc1a66ef164e"},
    {file = "charset_normalizer-3.4.7-cp314-cp314-manylinux_2_31_armv7l.whl", hash = "sha256:c45e9440fb78f8ddabcf714b68f936737a121355bf59f3907f4e17721b9d1aae"},
    {file = "charset_normalizer-3.4.7-cp314-cp314-manylinux_2_31_riscv64.manylinux_2_39_riscv64.whl", hash = "sha256:3534e7dcbdcf757da6b85a0bbf5b6868786d5982dd959b065e65481644817a18"},
    {file = "charset_normalizer-3.4.7-cp314-cp314-musllinux_1_2_aarch64.whl", hash = "sha256:e8ac484bf18ce6975760921bb6148041faa8fef0547200386ea0b52b5d27bf7b"},
    {file = "charset_normalizer-3.4.7-cp314-cp314-musllinux_1_2_armv7l.whl", hash = "sha256:a5fe03b42827c13cdccd08e6c0247b6a6d4b5e3cdc53fd1749f5896adcdc2356"},
    {file = "charset_normalizer-3.4.7-cp314-cp314-musllinux_1_2_ppc64le.whl", hash = "sha256:2d6eb928e13016cea4f1f21d1e10c1cebd5a421bc57ddf5b1142ae3f86824fab"},
    {file = "charset_normalizer-3.4.7-cp314-cp314-musllinux_1_2_riscv64.whl", hash = "sha256:e74327fb75de8986940def6e8dee4f127cc9752bee7355bb323cc5b2659b6d46"},
    {file = "charset_normalizer-3.4.7-cp314-cp314-musllinux_1_2_s390x.whl", hash = "sha256:d6038d37043bced98a66e68d3aa2b6a35505dc01328cd65217cefe82f25def44"},
    {file = "charset_normalizer-3.4.7-cp314-cp314-musllinux_1_2_x86_64.whl", hash = "sha256:7579e913a5339fb8fa133f6bbcfd8e6749696206cf05acdbdca71a1b436d8e72"},
    {file = "charset_normalizer-3.4.7-cp314-cp314-win32.whl", hash = "sha256:5b77459df20e08151cd6f8b9ef8ef1f961ef73d85c21a555c7eed5b79410ec10"},
    {file = "charset_normalizer-3.4.7-cp314-cp314-win_amd64.whl", hash = "sha256:92a0a01ead5e668468e952e4238cccd7c537364eb7d851ab144ab6627dbbe12f"},
    {file = "charset_normalizer-3.4.7-cp314-cp314-win_arm64.whl", hash = "sha256:67f6279d125ca0046a7fd386d01b311c6363844deac3e5b069b514ba3e63c246"},
    {file = "charset_normalizer-3.4.7-cp314-cp314t-macosx_10_15_universal2.whl", hash = "sha256:effc3f449787117233702311a1b7d8f59cba9ced946ba727bdc329ec69028e24"},
    {file = "charset_normalizer-3.4.7-cp314-cp314t-manylinux2014_aarch64.manylinux_2_17_aarch64.manylinux_2_28_aarch64.whl", hash = "sha256:fbccdc05410c9ee21bbf16a35f4c1d16123dcdeb8a1d38f33654fa21d0234f79"},
    {file = "charset_normalizer-3.4.7-cp314-cp314t-manylinux2014_ppc64le.manylinux_2_17_ppc64le.manylinux_2_28_ppc64le.whl", hash = "sha256:733784b6d6def852c814bce5f318d25da2ee65dd4839a0718641c696e09a2960"},
    {file = "charset_normalizer-3.4.7-cp314-cp314t-manylinux2014_s390x.manylinux_2_17_s390x.manylinux_2_28_s390x.whl", hash = "sha256:a89c23ef8d2c6b27fd200a42aa4ac72786e7c60d40efdc76e6011260b6e949c4"},
    {file = "charset_normalizer-3.4.7-cp314-cp314t-manylinux2014_x86_64.manylinux_2_17_x86_64.manylinux_2_28_x86_64.whl", hash = "sha256:6c114670c45346afedc0d947faf3c7f701051d2518b943679c8ff88befe14f8e"},
    {file = "charset_normalizer-3.4.7-cp314-cp314t-manylinux_2_31_armv7l.whl", hash = "sha256:a180c5e59792af262bf263b21a3c49353f25945d8d9f70628e73de370d55e1e1"},
    {file = "charset_normalizer-3.4.7-cp314-cp314t-manylinux_2_31_riscv64.manylinux_2_39_riscv64.whl", hash = "sha256:3c9a494bc5ec77d43cea229c4f6db1e4d8fe7e1bbffa8b6f0f0032430ff8ab44"},
    {file = "charset_normalizer-3.4.7-cp314-cp314t-musllinux_1_2_aarch64.whl", hash = "sha256:8d828b6667a32a728a1ad1d93957cdf37489c57b97ae6c4de2860fa749b8fc1e"},
    {file = "charset_normalizer-3.4.7-cp314-cp314t-musllinux_1_2_armv7l.whl", hash = "sha256:cf1493cd8607bec4d8a7b9b004e699fcf8f9103a9284cc94962cb73d20f9d4a3"},
    {file = "charset_normalizer-3.4.7-cp314-cp314t-musllinux_1_2_ppc64le.whl", hash = "sha256:0c96c3b819b5c3e9e165495db84d41914d6894d55181d2d108cc1a69bfc9cce0"},
    {file = "charset_normalizer-3.4.7-cp314-cp314t-musllinux_1_2_riscv64.whl", hash = "sha256:752a45dc4a6934060b3b0dab47e04edc3326575f82be64bc4fc293914566503e"},
    {file = "charset_normalizer-3.4.7-cp314-cp314t-musllinux_1_2_s390x.whl", hash = "sha256:8778f0c7a52e56f75d12dae53ae320fae900a8b9b4164b981b9c5ce059cd1fcb"},
    {file = "charset_normalizer-3.4.7-cp314-cp314t-musllinux_1_2_x86_64.whl", hash = "sha256:ce3412fbe1e31eb81ea42f4169ed94861c56e643189e1e75f0041f3fe7020abe"},
    {file = "charset_normalizer-3.4.7-cp314-cp314t-win32.whl", hash = "sha256:c03a41a8784091e67a39648f70c5f97b5b6a37f216896d44d2cdcb82615339a0"},
    {file = "charset_normalizer-3.4.7-cp314-cp314t-win_amd64.whl", hash = "sha256:03853ed82eeebbce3c2abfdbc98c96dc205f32a79627688ac9a27370ea61a49c"},
    {file = "charset_normalizer-3.4.7-cp314-cp314t-win_arm64.whl", hash = "sha256:c35abb8bfff0185efac5878da64c45dafd2b37fb0383add1be155a763c1f083d"},
    {file = "charset_normalizer-3.4.7-py3-none-any.whl", hash = "sha256:3dce51d0f5e7951f8bb4900c257dad282f49190fdbebecd4ba99bcc41fef404d"},
    {file = "charset_normalizer-3.4.7.tar.gz", hash = "sha256:ae89db9e5f98a11a4bf50407d4363e7b09b31e55bc117b4f7d80aab97ba009e5"},
]

[[package]]
name = "h11"
version = "0.16.0"
requires_python = ">=3.8"
summary = "A pure-Python, bring-your-own-I/O implementation of HTTP/1.1"
groups = ["default"]
files = [
    {file = "h11-0.16.0-py3-none-any.whl", hash = "sha256:63cf8bbe7522de3bf65932fda1d9c2772064ffb3dae62d55932da54b31cb6c86"},
    {file = "h11-0.16.0.tar.gz", hash = "sha256:4e35b956cf45792e4caa5885e69fba00bdbc6ffafbfa020300e549b208ee5ff1"},
]

[[package]]
name = "jh2"
version = "5.0.13"
requires_python = ">=3.7"
summary = "HTTP/2 State-Machine based protocol implementation"
groups = ["default"]
files = [
    {file = "jh2-5.0.13-cp314-cp314t-macosx_10_12_x86_64.macosx_11_0_arm64.macosx_10_12_universal2.whl", hash = "sha256:1dd137086b13d55a53c4b7b8b75869c824060a4d35615e4f49180ae58c7783f5"},
    {file = "jh2-5.0.13-cp314-cp314t-manylinux_2_17_aarch64.manylinux2014_aarch64.whl", hash = "sha256:75d0b2bffb2e260a0f3578a11a4999a713c94d1bd8de7cfe692c840e20ae83cf"},
    {file = "jh2-5.0.13-cp314-cp314t-manylinux_2_17_armv7l.manylinux2014_armv7l.whl", hash = "sha256:f681e197bf6552df3bb7a3abfd676e81316b69e36e7263e72383477174032ca2"},
    {file = "jh2-5.0.13-cp314-cp314t-manylinux_2_17_ppc64.manylinux2014_ppc64.whl", hash = "sha256:bde7e7ff0f17e87aca9ef23f66b80540a2de0ff8e2c26af55eb2e288a2a5f74f"},
    {file = "jh2-5.0.13-cp314-cp314t-manylinux_2_17_ppc64le.manylinux2014_ppc64le.whl", hash = "sha256:6f8d364d53cc0854d910f2305726a8254acb527f13fa933dc213a591e21e7ffa"},
    {file = "jh2-5.0.13-cp314-cp314t-manylinux_2_17_s390x.manylinux2014_s390x.whl", hash = "sha256:b572daaafbd867bb5c5f324c918704ddd6d76af1cc7c2be483c3649b76ce7940"},
    {file = "jh2-5.0.13-cp314-cp314t-manylinux_2_17_x86_64.manylinux2014_x86_64.whl", hash = "sha256:a0772ad66f346038fe05cb2928866ff1b21bcaa9ec3f14709fa1d419ed1dc287"},
    {file = "jh2-5.0.13-cp314-cp314t-manylinux_2_5_i686.manylinux1_i686.whl", hash = "sha256:b1d8313b13acfdef19c5ff793fdf397bae3d8d75181f6eee62604f13e4ec20a8"},
    {file = "jh2-5.0.13-cp314-cp314t-musllinux_1_1_aarch64.whl", hash = "sha256:99aedd20daacb32f377152c9103d8d0271f32d1932bd39a5ed2cd2eef97f7e07"},
    {file = "jh2-5.0.13-cp314-cp314t-musllinux_1_1_armv7l.whl", hash = "sha256:53b1df29ffe966cde1d2f0085b6acfcd237504627d406a51717ef3849ec88831"},
    {file = "jh2-5.0.13-cp314-cp314t-musllinux_1_1_i686.whl", hash = "sha256:0ee6a5dd24a1dc0772a89b3498ed20f60167fbc633404b1e02895f04ae66c47c"},
    {file = "jh2-5.0.13-cp314-cp314t-musllinux_1_1_x86_64.whl", hash = "sha256:521f871864880cabe361060f070516a56a54abc3e96f07bee9ba8b061eada891"},
    {file = "jh2-5.0.13-cp314-cp314t-win32.whl", hash = "sha256:5909e2273f8b6fcea93c95564aa0f366ff9261a544a7a5d640ea95341321cc37"},
    {file = "jh2-5.0.13-cp314-cp314t-win_amd64.whl", hash = "sha256:2cc4923ac6f57753e0cb4aef054a04f5d5c744b274dabf863f695fa3c2fd75f9"},
    {file = "jh2-5.0.13-cp314-cp314t-win_arm64.whl", hash = "sha256:d3cf203de31371289d4c1e6b4d30c9f6de95b2bd2b300fe5468ff946299d0e48"},
    {file = "jh2-5.0.13-cp37-abi3-macosx_10_12_x86_64.macosx_11_0_arm64.macosx_10_12_universal2.whl", hash = "sha256:3f54095cde010ff4e52f23dda92b31d3d3160c64f5f23fc6e181f8c7938afd33"},
    {file = "jh2-5.0.13-cp37-abi3-manylinux_2_17_aarch64.manylinux2014_aarch64.whl", hash = "sha256:f810dd02b4a9647eacbe4eab617111c0e3ffc68e923e3ff172948db601d2ba1e"},
    {file = "jh2-5.0.13-cp37-abi3-manylinux_2_17_armv7l.manylinux2014_armv7l.whl", hash = "sha256:29c23f3937f257beb5cd5b17f8727404f1267ff25d26e54c0a35d5defd0c895e"},
    {file = "jh2-5.0.13-cp37-abi3-manylinux_2_17_ppc64.manylinux2014_ppc64.whl", hash = "sha256:c697b250a935030a128b45b41f507a4d33a082d8b8e12311c7e73fbb3970f057"},
    {file = "jh2-5.0.13-cp37-abi3-manylinux_2_17_ppc64le.manylinux2014_ppc64le.whl", hash = "sha256:47d3203ed6fec39df4922764817979fad3a13d22cf750adc9cf9dc2b3399eacf"},
    {file = "jh2-5.0.13-cp37-abi3-manylinux_2_17_s390x.manylinux2014_s390x.whl", hash = "sha256:a5146468a76bbe8f4035f23a78813c5c433c70c0ca44eb0ba5558627a9e644b8"},
    {file = "jh2-5.0.13-cp37-abi3-manylinux_2_17_x86_64.manylinux2014_x86_64.whl", hash = "sha256:85d3d338284fbfbe173243c3cc62e510c6fa0d6d023e67da2292bd7578c734e3"},
    {file = "jh2-5.0.13-cp37-abi3-manylinux_2_5_i686.manylinux1_i686.whl", hash = "sha256:641f65f5414b8990251bd7609513a696831558f69d2ca77d65dc3f7087f31267"},
    {file = "jh2-5.0.13-cp37-abi3-musllinux_1_1_aarch64.whl", hash = "sha256:cf3dc6f7c14340241260bf63e5d6006b2ee7db45dafcb39c16fdf164ea0240a0"},
    {file = "jh2-5.0.13-cp37-abi3-musllinux_1_1_armv7l.whl", hash = "sha256:fb8e37ecf37382c02af83da521df5a77561441bc4cbb93b00627e015b7bbf349"},
    {file = "jh2-5.0.13-cp37-abi3-musllinux_1_1_i686.whl", hash = "sha256:296ee44dfad08ccc3857daf433dfa4a555d5b45f2df39503ccdd90ff10b32943"},
    {file = "jh2-5.0.13-cp37-abi3-musllinux_1_1_x86_64.whl", hash = "sha256:1a75eed545420a31ea356e8046b8d86fcf694234dd1035191734a03720fb8a44"},
    {file = "jh2-5.0.13-cp37-abi3-win32.whl", hash = "sha256:4812710810010c428db04e9290a13117f7b7c5a3a663b46a0586fe101cf25c9d"},
    {file = "jh2-5.0.13-cp37-abi3-win_amd64.whl", hash = "sha256:5d61bc0a62b4eee11039bf29d4bdbb26efcff760dfb9d8e0739740028aa52b0f"},
    {file = "jh2-5.0.13-cp37-abi3-win_arm64.whl", hash = "sha256:3f74dad9036e599eed51576492b00955237b86cf886f96844708a81cd0f5c710"},
    {file = "jh2-5.0.13-py3-none-any.whl", hash = "sha256:2b311414989da48a155721fe47d0dc3e3b75360efd62d779aaff72d786be91cf"},
    {file = "jh2-5.0.13.tar.gz", hash = "sha256:f8c78cffb3a35c4410513c3eb7989de36028c84277c04f07c97909dd94c23a75"},
]

[[package]]
name = "msgspec"
version = "0.21.1"
requires_python = ">=3.10"
summary = "A fast serialization and validation library, with builtin support for JSON, MessagePack, YAML, and TOML."
groups = ["default"]
files = [
    {file = "msgspec-0.21.1-cp314-cp314-macosx_10_15_x86_64.whl", hash = "sha256:fab48eb45fdbfbdb2c0edfec00ffc53b6b6085beefc6b50b61e01659f9f8757f"},
    {file = "msgspec-0.21.1-cp314-cp314-macosx_11_0_arm64.whl", hash = "sha256:3cb779ea0c35bc807ff941d415875c1f69ca0be91a2e907ab99a171811d86a9a"},
    {file = "msgspec-0.21.1-cp314-cp314-manylinux2014_aarch64.manylinux_2_17_aarch64.manylinux_2_28_aarch64.whl", hash = "sha256:68604db36b3b4dd9bf160e436e12798a4738848144cea1aca1cb984011eb160f"},
    {file = "msgspec-0.21.1-cp314-cp314-manylinux2014_x86_64.manylinux_2_17_x86_64.manylinux_2_28_x86_64.whl", hash = "sha256:3d6b9dc50948eaf65df54d2fd0ff66e6d8c32f116037209ee861810eb9b676cb"},
    {file = "msgspec-0.21.1-cp314-cp314-musllinux_1_2_aarch64.whl", hash = "sha256:52c5e21930942302394429c5a582ce7e6b62c7f983b3760834c2ce107e0dd6df"},
    {file = "msgspec-0.21.1-cp314-cp314-musllinux_1_2_x86_64.whl", hash = "sha256:abbb39d65681fa24ed394e01af3d59d869068324f900c61d06062b7fb9980f2f"},
    {file = "msgspec-0.21.1-cp314-cp314-win_amd64.whl", hash = "sha256:5666b1b560b97b6ec2eb3fca8a502298ebac56e13bbca1f88523538ce83d01ea"},
    {file = "msgspec-0.21.1-cp314-cp314-win_arm64.whl", hash = "sha256:d8b8578e4c83b14ceea4cef0d0b747e31d9330fe4b03b2b2ad4063866a178f93"},
    {file = "msgspec-0.21.1-cp314-cp314t-macosx_10_15_x86_64.whl", hash = "sha256:15f523d51c00ebad412213bfe9f06f0a50ec2b93e0c19e824a2d267cabb48ea2"},
    {file = "msgspec-0.21.1-cp314-cp314t-macosx_11_0_arm64.whl", hash = "sha256:4e47390360583ba3d5c6cb44cf0a9f61b0a06a899d3c2c00627cedebb2e2884b"},
    {file = "msgspec-0.21.1-cp314-cp314t-manylinux2014_aarch64.manylinux_2_17_aarch64.manylinux_2_28_aarch64.whl", hash = "sha256:f60800e6299b798142dc40b0644da77ceac5ea0568be58228417eae14135c847"},
    {file = "msgspec-0.21.1-cp314-cp314t-manylinux2014_x86_64.manylinux_2_17_x86_64.manylinux_2_28_x86_64.whl", hash = "sha256:5f8e9dfcd98419cf7568808470c4317a3fb30bef0e3715b568730a2b272a20d7"},
    {file = "msgspec-0.21.1-cp314-cp314t-musllinux_1_2_aarch64.whl", hash = "sha256:92d89dfad13bd1ea640dc3e37e724ed380da1030b272bdf5ecafb983c3ad7c75"},
    {file = "msgspec-0.21.1-cp314-cp314t-musllinux_1_2_x86_64.whl", hash = "sha256:0d03867786e5d7ba25d666df4b11320c27170f4aeafcb8e3a8b0a50a4fb742ca"},
    {file = "msgspec-0.21.1-cp314-cp314t-win_amd64.whl", hash = "sha256:740fbf1c9d59992ca3537d6fbe9ebbf9eaf726a65fbf31448e0ecbc710697a63"},
    {file = "msgspec-0.21.1-cp314-cp314t-win_arm64.whl", hash = "sha256:0d2cc73df6058d811a126ac3a8ad63a4dfa210c82f9cf5a004802eaf4712de90"},
    {file = "msgspec-0.21.1.tar.gz", hash = "sha256:2313508e394b0d208f8f56892ca9b2799e2561329de9763b19619595a6c0f72c"},
]

[[package]]
name = "niquests"
version = "3.19.1"
requires_python = ">=3.7"
summary = "Niquests is a simple, yet elegant, HTTP library. It is a drop-in replacement for Requests, which is under feature freeze."
groups = ["default"]
dependencies = [
    "charset-normalizer<4,>=2",
    "urllib3-future<3,>=2.13.903",
    "wassima<3,>=1.0.1; sys_platform != \"emscripten\"",
]
files = [
    {file = "niquests-3.19.1-py3-none-any.whl", hash = "sha256:ed04a8e2813f0b12f2ec82982c500fd115499b88d1abfa689fc9116ecdc68ede"},
    {file = "niquests-3.19.1.tar.gz", hash = "sha256:2c34591744c7ade45f5f3a65a637cf1366d399eb514200005a8823de0d66b91e"},
]

[[package]]
name = "nodejs-wheel-binaries"
version = "24.16.0"
requires_python = ">=3.7"
summary = "unoffical Node.js package"
groups = ["default", "dev"]
dependencies = [
    "typing-extensions; python_version < \"3.8\"",
]
files = [
    {file = "nodejs_wheel_binaries-24.16.0-py2.py3-none-macosx_13_0_arm64.whl", hash = "sha256:d9f8f677dcf30e37ac244f07869726abe043f01eb0f45722b1df31cc2af7093c"},
    {file = "nodejs_wheel_binaries-24.16.0-py2.py3-none-macosx_13_0_x86_64.whl", hash = "sha256:3d0370fe7120ce9697a4f60d40480d2bd8808d9f30131458d5afc0040d4e5a51"},
    {file = "nodejs_wheel_binaries-24.16.0-py2.py3-none-manylinux_2_28_aarch64.whl", hash = "sha256:85dc92bbb79c851569c5925dcc2a4c915a034efab375f99e4e7e6bbe9cca8342"},
    {file = "nodejs_wheel_binaries-24.16.0-py2.py3-none-manylinux_2_28_x86_64.whl", hash = "sha256:2f3036292811514ba847b3708492644764f88a833ac425c5f55007014308ddfd"},
    {file = "nodejs_wheel_binaries-24.16.0-py2.py3-none-musllinux_1_2_aarch64.whl", hash = "sha256:db8a8a76ebd2b28ecbfc9ad464baa3707241b9e050a30e2efdf6f60c0f886502"},
    {file = "nodejs_wheel_binaries-24.16.0-py2.py3-none-musllinux_1_2_x86_64.whl", hash = "sha256:f1a3d8f7b4491cbbd023ba3fc4e901fcca2d9fb80d57f24ba3890de8b1dbac03"},
    {file = "nodejs_wheel_binaries-24.16.0-py2.py3-none-win_amd64.whl", hash = "sha256:bb136be9944f0662dcf1120f45193a6b75b13fac378971a95cc42c9f879a81aa"},
    {file = "nodejs_wheel_binaries-24.16.0-py2.py3-none-win_arm64.whl", hash = "sha256:8308940b5edd0a50dc5267ea36ba21c9f668e83fe0d9f293937174d3a7e31c36"},
    {file = "nodejs_wheel_binaries-24.16.0.tar.gz", hash = "sha256:c973cb69dc5fd16e6f6dc6e579e2c3d5534e2a1f57619dddf5ba070efa7dde37"},
]

[[package]]
name = "qh3"
version = "1.9.2"
requires_python = ">=3.7"
summary = "A lightway and fast implementation of QUIC and HTTP/3"
groups = ["default"]
marker = "(platform_system == \"Darwin\" or platform_system == \"Windows\" or platform_system == \"Linux\") and platform_python_implementation == \"PyPy\" and (platform_machine == \"x86_64\" or platform_machine == \"s390x\" or platform_machine == \"armv7l\" or platform_machine == \"ppc64le\" or platform_machine == \"ppc64\" or platform_machine == \"AMD64\" or platform_machine == \"aarch64\" or platform_machine == \"arm64\" or platform_machine == \"ARM64\" or platform_machine == \"x86\" or platform_machine == \"i686\" or platform_machine == \"riscv64\" or platform_machine == \"riscv64gc\") and python_version < \"3.12\" or (platform_system == \"Darwin\" or platform_system == \"Windows\" or platform_system == \"Linux\") and python_full_version > \"3.7.10\" and (platform_machine == \"x86_64\" or platform_machine == \"s390x\" or platform_machine == \"armv7l\" or platform_machine == \"ppc64le\" or platform_machine == \"ppc64\" or platform_machine == \"AMD64\" or platform_machine == \"aarch64\" or platform_machine == \"arm64\" or platform_machine == \"ARM64\" or platform_machine == \"x86\" or platform_machine == \"i686\" or platform_machine == \"riscv64\" or platform_machine == \"riscv64gc\") and platform_python_implementation == \"CPython\""
files = [
    {file = "qh3-1.9.2-cp314-cp314t-macosx_10_12_x86_64.macosx_11_0_arm64.macosx_10_12_universal2.whl", hash = "sha256:e38d88f41c6855184a53a1e583d56ae5163b8b70c7e2dc273889ec303cc27585"},
    {file = "qh3-1.9.2-cp314-cp314t-manylinux_2_17_aarch64.manylinux2014_aarch64.whl", hash = "sha256:3beebd98b08bd2fe951ae83b6e52dee3821158ab21ba05f15fbdb401bd6e19f9"},
    {file = "qh3-1.9.2-cp314-cp314t-manylinux_2_17_armv7l.manylinux2014_armv7l.whl", hash = "sha256:6afe20084235ff3c20256c952059277b5a0f5144d63d1892d1dfb5d1b635faef"},
    {file = "qh3-1.9.2-cp314-cp314t-manylinux_2_17_i686.manylinux2014_i686.whl", hash = "sha256:3c8f2fdf124acef06306ee50421ee80d37dbc7dfd41ddcec2bb63f3e2508bd74"},
    {file = "qh3-1.9.2-cp314-cp314t-manylinux_2_17_ppc64.manylinux2014_ppc64.whl", hash = "sha256:adcb00af8c4fddbb266ae4155ec5932dcb0a27dc14d7f7a27fad6a6dce9efd5e"},
    {file = "qh3-1.9.2-cp314-cp314t-manylinux_2_17_ppc64le.manylinux2014_ppc64le.whl", hash = "sha256:bcbf94d8ab4223873f2fc2f7a0992ee0dd557f0ab5bce1ca12314e60a1d5cd39"},
    {file = "qh3-1.9.2-cp314-cp314t-manylinux_2_17_s390x.manylinux2014_s390x.whl", hash = "sha256:13b458a440f91d5336dd65f4a624b7eeac0ce1b2a8d02e250df32470606c6775"},
    {file = "qh3-1.9.2-cp314-cp314t-manylinux_2_17_x86_64.manylinux2014_x86_64.whl", hash = "sha256:e7b0429d9c5d892633ee822a428c840201a2ef53a16cec4d4aeb1ae08146cae9"},
    {file = "qh3-1.9.2-cp314-cp314t-manylinux_2_39_riscv64.whl", hash = "sha256:d4ab482b9f12abb5fc6fc67a214431037d094b38673efd6d0df5d64338dd5351"},
    {file = "qh3-1.9.2-cp314-cp314t-musllinux_1_1_aarch64.whl", hash = "sha256:ab254e2289bfc949b0177aa7739ac963f54355716aee39966120ca71d7315aeb"},
    {file = "qh3-1.9.2-cp314-cp314t-musllinux_1_1_armv7l.whl", hash = "sha256:9a6aa7146a62c88fbc8adfa6dcae435670a8487e5f3bb00f92a29060cd630102"},
    {file = "qh3-1.9.2-cp314-cp314t-musllinux_1_1_i686.whl", hash = "sha256:2710e359d9320014a33149853cbc8c4bd9ca83181bb7a896c7704a1e429c27c4"},
    {file = "qh3-1.9.2-cp314-cp314t-musllinux_1_1_riscv64.whl", hash = "sha256:4d136fa78171ffc094e06c25361fe00482accdb406a442ce93e8121314880659"},
    {file = "qh3-1.9.2-cp314-cp314t-musllinux_1_1_x86_64.whl", hash = "sha256:a48cc6b4d21ef85071ef2f20ba27d7412827ff8385baa19d14b0c58e44fdbc57"},
    {file = "qh3-1.9.2-cp314-cp314t-win32.whl", hash = "sha256:c4dc40c1ac0f31bfc0dadeaf02578460c7456498f549bb6ae742883f90286243"},
    {file = "qh3-1.9.2-cp314-cp314t-win_amd64.whl", hash = "sha256:19893cfe25a749c363e81415dcdb3b027707e71a09b0e1d4f1e3098d7e5975d3"},
    {file = "qh3-1.9.2-cp314-cp314t-win_arm64.whl", hash = "sha256:75b587b26a8cdeb1c715e5d2ec08d4987be8e02bb76a6b24a4075293ade0bd3d"},
    {file = "qh3-1.9.2-cp37-abi3-macosx_10_12_x86_64.macosx_11_0_arm64.macosx_10_12_universal2.whl", hash = "sha256:aabb7c86f49c668ab5bfb297c5da18755a3ca9cf362f8ce73b86f55f43f662fc"},
    {file = "qh3-1.9.2-cp37-abi3-manylinux_2_17_aarch64.manylinux2014_aarch64.whl", hash = "sha256:f7e632d420d88e30e4e3fc9f5457c362e964e93e91f9c90d148b68b0d4b0dc06"},
    {file = "qh3-1.9.2-cp37-abi3-manylinux_2_17_armv7l.manylinux2014_armv7l.whl", hash = "sha256:b5260ff1c42f7221fb7e92bc9c55a009341c2851f2dbb28475ddcf0a32c2226a"},
    {file = "qh3-1.9.2-cp37-abi3-manylinux_2_17_i686.manylinux2014_i686.whl", hash = "sha256:304e81b4cf3f97610a1aceaa1aec90a97f0c700071efcc9d6a3b86da0b57539d"},
    {file = "qh3-1.9.2-cp37-abi3-manylinux_2_17_ppc64.manylinux2014_ppc64.whl", hash = "sha256:aa20581d3daf8f80b62f42a10c1f69c12f3b6310f141a2e2f4259de588e570fe"},
    {file = "qh3-1.9.2-cp37-abi3-manylinux_2_17_ppc64le.manylinux2014_ppc64le.whl", hash = "sha256:dd3a3d7d737644a4d24117613e89220cd5223cb1e0c8281a5a65a97ebaf1efea"},
    {file = "qh3-1.9.2-cp37-abi3-manylinux_2_17_s390x.manylinux2014_s390x.whl", hash = "sha256:82edac5bc2eea0881baa142d93e80469347875909acc19ce5e4236b50c465f8e"},
    {file = "qh3-1.9.2-cp37-abi3-manylinux_2_17_x86_64.manylinux2014_x86_64.whl", hash = "sha256:2b18b9d2f892bb95f7f3d3428bb4166f974c9a2e26fcf91b33dda9b4285e7928"},
    {file = "qh3-1.9.2-cp37-abi3-manylinux_2_39_riscv64.whl", hash = "sha256:06f2a10a01b71137fef8bb7b4115f1016d6e4a7f056ce41517ff157e808bf444"},
    {file = "qh3-1.9.2-cp37-abi3-musllinux_1_1_aarch64.whl", hash = "sha256:e15519dc326315c52ab708028bf72aa9162eb3c1bd0ba130dc6d371b000639d2"},
    {file = "qh3-1.9.2-cp37-abi3-musllinux_1_1_armv7l.whl", hash = "sha256:7e04bf8bbbfb8a9f363fd38834aa9c52fcc0164182c72ea10cf30a3e2df066c9"},
    {file = "qh3-1.9.2-cp37-abi3-musllinux_1_1_i686.whl", hash = "sha256:e3b0b0d17268d57b808a658db7fd7c5e62561ad6d462949d8466c92b22551067"},
    {file = "qh3-1.9.2-cp37-abi3-musllinux_1_1_riscv64.whl", hash = "sha256:efe5ad0a9df71a9a5881615b0c0888767ad3a7cab05e54ba98db52d89d0b796a"},
    {file = "qh3-1.9.2-cp37-abi3-musllinux_1_1_x86_64.whl", hash = "sha256:742dd7c5e2207db27d24036ca599cad056bd5e58a5ce1b43f0c424df149e17d3"},
    {file = "qh3-1.9.2-cp37-abi3-win32.whl", hash = "sha256:8d1f185a76578929b0de3dcef135c0cc21d4bff0ef00bd75127d244ba3426125"},
    {file = "qh3-1.9.2-cp37-abi3-win_amd64.whl", hash = "sha256:643e8aa05519dddaf20159d1c13c15473de7649622a1c438968ce0f0da973951"},
    {file = "qh3-1.9.2-cp37-abi3-win_arm64.whl", hash = "sha256:87bace13780b3c2238db1dd31deb10152203d5b360ca6515c78b853796245606"},
    {file = "qh3-1.9.2.tar.gz", hash = "sha256:c6c92f63c2ec292256b5a5ed9345c42344bdaca2e55ec795623987a563aea19c"},
]

[[package]]
name = "ruff"
version = "0.15.20"
requires_python = ">=3.7"
summary = "An extremely fast Python linter and code formatter, written in Rust."
groups = ["dev"]
files = [
    {file = "ruff-0.15.20-py3-none-linux_armv6l.whl", hash = "sha256:00e188c53e499c3c1637f73c91dcf2fb56d576cab76ce1be50a27c4e80e37078"},
    {file = "ruff-0.15.20-py3-none-macosx_10_12_x86_64.whl", hash = "sha256:9ebd1fd9b9c95fc0bd7b2761aebec1f030013d2e193a2901b224af68fe47251b"},
    {file = "ruff-0.15.20-py3-none-macosx_11_0_arm64.whl", hash = "sha256:c5b16cdd67ca108185cd36dce98c576350c03b1660a751de725fb049193a0632"},
    {file = "ruff-0.15.20-py3-none-manylinux_2_17_aarch64.manylinux2014_aarch64.whl", hash = "sha256:3413bb3c3d2ca6a8208f1f4809cd2dca3c6de6d0b491c0e70847672bde6e6efd"},
    {file = "ruff-0.15.20-py3-none-manylinux_2_17_armv7l.manylinux2014_armv7l.whl", hash = "sha256:bd7ec42b3bb3da066488db093308a69c4ac5ee6d2af333a86ba6e2eb2e7dd44b"},
    {file = "ruff-0.15.20-py3-none-manylinux_2_17_i686.manylinux2014_i686.whl", hash = "sha256:e1a36ad0eb77fba9aabfb69ede54de6f376d04ac18ebea022847046d340a8267"},
    {file = "ruff-0.15.20-py3-none-manylinux_2_17_ppc64le.manylinux2014_ppc64le.whl", hash = "sha256:b6df3b1e4610432f0386dba04d853b5f08cbbc903410c6fcc02f620f05aff53c"},
    {file = "ruff-0.15.20-py3-none-manylinux_2_17_s390x.manylinux2014_s390x.whl", hash = "sha256:e89f198a1ea6ef0d727c1cf16088bc91a6cb0ab947dedc966715691647186eae"},
    {file = "ruff-0.15.20-py3-none-manylinux_2_17_x86_64.manylinux2014_x86_64.whl", hash = "sha256:309809086c2acb67624950a3c8133e80f32d0d3e27106c0cd60ff26657c9f24b"},
    {file = "ruff-0.15.20-py3-none-manylinux_2_31_riscv64.whl", hash = "sha256:2d2374caa2f2c2f9e2b7da0a50802cfb8b79f55a9b5e49379f564544fbf56487"},
    {file = "ruff-0.15.20-py3-none-musllinux_1_2_aarch64.whl", hash = "sha256:a1ed17b65293e0c2f22fc387bc13198a5de94bf4429589b0ff6946b0feaf21a3"},
    {file = "ruff-0.15.20-py3-none-musllinux_1_2_armv7l.whl", hash = "sha256:f701305e66b38ea6c91882490eb73459796808e4c6362a1b765255e0cdcd4053"},
    {file = "ruff-0.15.20-py3-none-musllinux_1_2_i686.whl", hash = "sha256:5b9c0c367ad8e5d0d5b5b8537864c469a0a0e55417aadfbeca41fa61333be9f4"},
    {file = "ruff-0.15.20-py3-none-musllinux_1_2_x86_64.whl", hash = "sha256:01cc00dd58f0df339d0e902219dd53990ea99996a0344e5d9cc8d45d5307e460"},
    {file = "ruff-0.15.20-py3-none-win32.whl", hash = "sha256:ed65ef510e43a137207e0f01cfcf998aeddb1aeeda5c9d35023e910284d7cf21"},
    {file = "ruff-0.15.20-py3-none-win_amd64.whl", hash = "sha256:a525c81c70fb0380344dd1d8745d8cc1c890b7fc94a58d5a07bd8eb9557b8415"},
    {file = "ruff-0.15.20-py3-none-win_arm64.whl", hash = "sha256:2f5b2a6d614e8700388806a14996c40fab2c47b819ef57d790a34878858ed9ca"},
    {file = "ruff-0.15.20.tar.gz", hash = "sha256:1416eb04349192646b54de98f146c4f59afe37d0decfc02c3cbbf396f3a28566"},
]

[[package]]
name = "typing-extensions"
version = "4.15.0"
requires_python = ">=3.9"
summary = "Backported and Experimental Type Hints for Python 3.9+"
groups = ["default"]
files = [
    {file = "typing_extensions-4.15.0-py3-none-any.whl", hash = "sha256:f0fa19c6845758ab08074a0cfa8b7aecb71c999ca73d62883bc25cc018c4e548"},
    {file = "typing_extensions-4.15.0.tar.gz", hash = "sha256:0cea48d173cc12fa28ecabc3b837ea3cf6f38c6d1136f85cbaaf598984861466"},
]

[[package]]
name = "urllib3-future"
version = "2.21.902"
requires_python = ">=3.7"
summary = "urllib3.future is a powerful HTTP 1.1, 2, and 3 client with both sync and async interfaces"
groups = ["default"]
dependencies = [
    "h11<1.0.0,>=0.11.0",
    "jh2<6.0.0,>=5.0.3",
    "qh3<2.0.0,>=1.5.4; (platform_system == \"Darwin\" or platform_system == \"Windows\" or platform_system == \"Linux\") and platform_python_implementation == \"PyPy\" and (platform_machine == \"x86_64\" or platform_machine == \"s390x\" or platform_machine == \"armv7l\" or platform_machine == \"ppc64le\" or platform_machine == \"ppc64\" or platform_machine == \"AMD64\" or platform_machine == \"aarch64\" or platform_machine == \"arm64\" or platform_machine == \"ARM64\" or platform_machine == \"x86\" or platform_machine == \"i686\" or platform_machine == \"riscv64\" or platform_machine == \"riscv64gc\") and python_version < \"3.12\" or (platform_system == \"Darwin\" or platform_system == \"Windows\" or platform_system == \"Linux\") and python_full_version > \"3.7.10\" and (platform_machine == \"x86_64\" or platform_machine == \"s390x\" or platform_machine == \"armv7l\" or platform_machine == \"ppc64le\" or platform_machine == \"ppc64\" or platform_machine == \"AMD64\" or platform_machine == \"aarch64\" or platform_machine == \"arm64\" or platform_machine == \"ARM64\" or platform_machine == \"x86\" or platform_machine == \"i686\" or platform_machine == \"riscv64\" or platform_machine == \"riscv64gc\") and platform_python_implementation == \"CPython\"",
]
files = [
    {file = "urllib3_future-2.21.902-py3-none-any.whl", hash = "sha256:0e7f57858b9faf12bf84f30ff86ca9fffeb271f8bd92fd519b765a89c46f4962"},
    {file = "urllib3_future-2.21.902.tar.gz", hash = "sha256:9a1a9d600394e73c65057dfa26e30de93beea879ea8d17e8003e130bf78368f6"},
]

[[package]]
name = "wassima"
version = "2.1.1"
requires_python = ">=3.7"
summary = "Access your OS root certificates with utmost ease"
groups = ["default"]
marker = "sys_platform != \"emscripten\""
files = [
    {file = "wassima-2.1.1-py3-none-any.whl", hash = "sha256:ab0f12c091ff697f111eea5f925aafd83736909a1c9c764a8bbf874b2e4d4a42"},
    {file = "wassima-2.1.1.tar.gz", hash = "sha256:9c6ad4aa3cfbe91fd75f9eae315ba563bbc7d9d2479aef0c288fa7f1ca3b0c53"},
]
