# This file is @generated by PDM.
# It is not intended for manual editing.

[metadata]
groups = ["default", "dev"]
strategy = ["inherit_metadata"]
lock_version = "4.5.0"
content_hash = "sha256:b849e1647ce0ec47b61889ae0e66863acce020cd1f2e3deaeb9e2e92becf9da5"

[[metadata.targets]]
requires_python = "~=3.14"

[[package]]
name = "aiosqlite"
version = "0.22.1"
requires_python = ">=3.9"
summary = "asyncio bridge to the standard sqlite3 module"
groups = ["default"]
files = [
    {file = "aiosqlite-0.22.1-py3-none-any.whl", hash = "sha256:21c002eb13823fad740196c5a2e9d8e62f6243bd9e7e4a1f87fb5e44ecb4fceb"},
    {file = "aiosqlite-0.22.1.tar.gz", hash = "sha256:043e0bd78d32888c0a9ca90fc788b38796843360c855a7262a532813133a0650"},
]

[[package]]
name = "awaitlet"
version = "0.0.1"
requires_python = ">=3.8"
summary = "Allow non-async defs that invoke awaitables inside of asyncio applications"
groups = ["default"]
dependencies = [
    "greenlet>=1",
    "typing-extensions>=4.6.0",
]
files = [
    {file = "awaitlet-0.0.1-py3-none-any.whl", hash = "sha256:255b1c086f2fbfef2d8d88b66acae8636418d38bcfe93a897ccd8234a7b8bf6d"},
    {file = "awaitlet-0.0.1.tar.gz", hash = "sha256:d98c8b821f595284f9327d45067995ccbee0d99993f0d0b935b23ac8ecf58334"},
]

[[package]]
name = "basedpyright"
version = "1.39.9"
requires_python = ">=3.8"
summary = "static type checking for Python (but based)"
groups = ["dev"]
dependencies = [
    "nodejs-wheel-binaries>=20.13.1",
]
files = [
    {file = "basedpyright-1.39.9-py3-none-any.whl", hash = "sha256:6b0837b9eba972c71895167ab9b127e6afdbc17abc92312e3f8d15ca82a5611c"},
    {file = "basedpyright-1.39.9.tar.gz", hash = "sha256:32cbea5fc8273e89df3db20daea56cb7286e419ccdfdc479c64759d2dc071901"},
]

[[package]]
name = "charset-normalizer"
version = "3.4.9"
requires_python = ">=3.7"
summary = "The Real First Universal Charset Detector. Open, modern and actively maintained alternative to Chardet."
groups = ["default"]
files = [
    {file = "charset_normalizer-3.4.9-cp314-cp314-macosx_10_15_universal2.whl", hash = "sha256:0327fcd59a935777d83410750c50600ee9571af2846f71ce40f25b13da1ef380"},
    {file = "charset_normalizer-3.4.9-cp314-cp314-manylinux2014_aarch64.manylinux_2_17_aarch64.manylinux_2_28_aarch64.whl", hash = "sha256:8a79d9f4d8001473a30c163556b3c3bfebec837495a412dde78b51672f6134f9"},
    {file = "charset_normalizer-3.4.9-cp314-cp314-manylinux2014_ppc64le.manylinux_2_17_ppc64le.manylinux_2_28_ppc64le.whl", hash = "sha256:33bdcc2a32c0a0e861f60841a512c8acc658c87c2ac59d89e3a46dacf7d866e4"},
    {file = "charset_normalizer-3.4.9-cp314-cp314-manylinux2014_s390x.manylinux_2_17_s390x.manylinux_2_28_s390x.whl", hash = "sha256:f840ed6d8ecba8255df8c42b87fadeda98ddfc6eeec05e2dc66e26d46dd6f58a"},
    {file = "charset_normalizer-3.4.9-cp314-cp314-manylinux2014_x86_64.manylinux_2_17_x86_64.manylinux_2_28_x86_64.whl", hash = "sha256:c25fe15c70c59eb7c5ce8c06a1f3fa1da0ecc5ea1e7a5922c40fd2fa9b0d5046"},
    {file = "charset_normalizer-3.4.9-cp314-cp314-manylinux_2_31_armv7l.whl", hash = "sha256:f7fb7d750cfa0a070d2c24e831fd3481019a60dd317ea2b39acbcebc08b6ed81"},
    {file = "charset_normalizer-3.4.9-cp314-cp314-manylinux_2_31_riscv64.manylinux_2_39_riscv64.whl", hash = "sha256:4d1c96a7a18b9690a4d46df09e3e3382406ae3213727cd1019ebade1c4a81917"},
    {file = "charset_normalizer-3.4.9-cp314-cp314-musllinux_1_2_aarch64.whl", hash = "sha256:a4cfde78a9f2880208d16a93b795726a3017d5977e08d1e162a7a31322479c41"},
    {file = "charset_normalizer-3.4.9-cp314-cp314-musllinux_1_2_armv7l.whl", hash = "sha256:d4d6fcde76f94f5cb9e43e9e9a61f16dacefd228cbbf6f1a09bd9b219a92f1a1"},
    {file = "charset_normalizer-3.4.9-cp314-cp314-musllinux_1_2_x86_64.whl", hash = "sha256:898f0e9068ca27d37f8e83a5b962821df851532e6c4a7d615c1c033f9da6eedf"},
    {file = "charset_normalizer-3.4.9-cp314-cp314-win32.whl", hash = "sha256:c1c948747b03be832dceed96ca815cef7360de9aa19d37c730f8e3f6101aca48"},
    {file = "charset_normalizer-3.4.9-cp314-cp314-win_amd64.whl", hash = "sha256:16b65ea0f2465b6fb52aa22de5eca612aa964ddfec00a912e26f4656cbef890b"},
    {file = "charset_normalizer-3.4.9-cp314-cp314-win_arm64.whl", hash = "sha256:40a126142a56b2dfc0aacbad1de8310cbf60da7656db0e6b16eebd48e3e93519"},
    {file = "charset_normalizer-3.4.9-cp314-cp314t-macosx_10_15_universal2.whl", hash = "sha256:609b3ba8fcc0fb5ab7af00719d0fb6ad0cb518e48e7712d12fd68f1327951198"},
    {file = "charset_normalizer-3.4.9-cp314-cp314t-manylinux2014_aarch64.manylinux_2_17_aarch64.manylinux_2_28_aarch64.whl", hash = "sha256:51447e9aa2684679af07ca5021c3db526e0284347ebf4ffcec1154c3350cfe32"},
    {file = "charset_normalizer-3.4.9-cp314-cp314t-manylinux2014_ppc64le.manylinux_2_17_ppc64le.manylinux_2_28_ppc64le.whl", hash = "sha256:cc1b0fff8ead343dae06305f954eb8468ba0ec1a97881f42489d198e4ce3c632"},
    {file = "charset_normalizer-3.4.9-cp314-cp314t-manylinux2014_s390x.manylinux_2_17_s390x.manylinux_2_28_s390x.whl", hash = "sha256:fa36ec09ef71d158186bc79e359ff5fdd6e7996fe8ab638f00d6b93139ba4fcf"},
    {file = "charset_normalizer-3.4.9-cp314-cp314t-manylinux2014_x86_64.manylinux_2_17_x86_64.manylinux_2_28_x86_64.whl", hash = "sha256:df115d4d83168fdf2cae48ef1ff6d1cb4c466364e30861b37121de0f3bf1b990"},
    {file = "charset_normalizer-3.4.9-cp314-cp314t-manylinux_2_31_armv7l.whl", hash = "sha256:f86c6358749bd4fda175388691e3ba8c46e24c5347d0afd20f9b7edfc9faf07d"},
    {file = "charset_normalizer-3.4.9-cp314-cp314t-manylinux_2_31_riscv64.manylinux_2_39_riscv64.whl", hash = "sha256:32286a2c8d167e897177b673176c1e3e00d4057caf5d2b64eef9a3666b03018e"},
    {file = "charset_normalizer-3.4.9-cp314-cp314t-musllinux_1_2_aarch64.whl", hash = "sha256:83aed2c10721ddd90f68140685391b50811a880af20654c59af6b6c66c40513c"},
    {file = "charset_normalizer-3.4.9-cp314-cp314t-musllinux_1_2_armv7l.whl", hash = "sha256:cd6c3d4b783c556fa00bf540854e42f135e2f256abd29669fcd0da0f2dec79c2"},
    {file = "charset_normalizer-3.4.9-cp314-cp314t-musllinux_1_2_x86_64.whl", hash = "sha256:ee2f2a527e3c1a6e6411eb4209642e138b544a2d72fe5d0d76daf77b24063534"},
    {file = "charset_normalizer-3.4.9-cp314-cp314t-win32.whl", hash = "sha256:0d861473f743244d349b50f850d10eb87aeb22bbdcc8e64f79273c94af5a8226"},
    {file = "charset_normalizer-3.4.9-cp314-cp314t-win_amd64.whl", hash = "sha256:9b8e0f3107e2200b76f6054de99016eac3ee6762713587b36baaa7e4bd2ae177"},
    {file = "charset_normalizer-3.4.9-cp314-cp314t-win_arm64.whl", hash = "sha256:19ac87f93086ce37b86e098888555c4b4bc48102279bae3350098c0ed664b501"},
    {file = "charset_normalizer-3.4.9-py3-none-any.whl", hash = "sha256:68e5f26a1ad57ded6d1cfb85331d1c1a195314756471d97758c48498bb4dcdf5"},
    {file = "charset_normalizer-3.4.9.tar.gz", hash = "sha256:673611bbd43f0810bec0b0f028ddeaaa501190339cac411f347ac76917c3ae7b"},
]

[[package]]
name = "click"
version = "8.4.2"
requires_python = ">=3.10"
summary = "Composable command line interface toolkit"
groups = ["default"]
dependencies = [
    "colorama; platform_system == \"Windows\"",
]
files = [
    {file = "click-8.4.2-py3-none-any.whl", hash = "sha256:e6f9f66136c816745b9d65817da91d61d957fb16e02e4dcd0552553c5a197b76"},
    {file = "click-8.4.2.tar.gz", hash = "sha256:9a6cea6e60b17ebe0a44c5cc636d94f09bd66142c1cd7d8b4cd731c4917a15f6"},
]

[[package]]
name = "colorama"
version = "0.4.6"
requires_python = "!=3.0.*,!=3.1.*,!=3.2.*,!=3.3.*,!=3.4.*,!=3.5.*,!=3.6.*,>=2.7"
summary = "Cross-platform colored terminal text."
groups = ["default", "dev"]
marker = "platform_system == \"Windows\" or sys_platform == \"win32\""
files = [
    {file = "colorama-0.4.6-py2.py3-none-any.whl", hash = "sha256:4f1d9991f5acc0ca119f9d443620b77f9d6b33703e51011c16baf57afb285fc6"},
    {file = "colorama-0.4.6.tar.gz", hash = "sha256:08695f5cb7ed6e0531a20572697297273c47b8cae5a63ffc6d6ed5c201be6e44"},
]

[[package]]
name = "greenlet"
version = "3.5.3"
requires_python = ">=3.10"
summary = "Lightweight in-process concurrent programming"
groups = ["default"]
files = [
    {file = "greenlet-3.5.3-cp314-cp314-macosx_11_0_universal2.whl", hash = "sha256:fd2e02fa07485778536a036222d616ab957b1d533f36b3ed98ce725d9c9d3117"},
    {file = "greenlet-3.5.3-cp314-cp314-manylinux_2_24_aarch64.manylinux_2_28_aarch64.whl", hash = "sha256:df0a0628d1597eb0897b62f55d1343f772405fd25f3b2a796c76874b0c2e22e8"},
    {file = "greenlet-3.5.3-cp314-cp314-manylinux_2_24_ppc64le.manylinux_2_28_ppc64le.whl", hash = "sha256:ebd933a6adabc298bab47731a130fe6bfb888bd934eee37810f151159544540d"},
    {file = "greenlet-3.5.3-cp314-cp314-manylinux_2_24_s390x.manylinux_2_28_s390x.whl", hash = "sha256:8d19fe6c39ebff9259f07bcc685d3290f8fa4ea2278e51dd0008e4d6b0f2d814"},
    {file = "greenlet-3.5.3-cp314-cp314-manylinux_2_24_x86_64.manylinux_2_28_x86_64.whl", hash = "sha256:4b9d501b40e80b70e32323c799dd9b420a5577a9601469d362ae1ffb690f3a7c"},
    {file = "greenlet-3.5.3-cp314-cp314-manylinux_2_39_riscv64.whl", hash = "sha256:962c5df2db8cb446da51edf1ca5296c389d93b99c9d8aa2ee4c7d0d8f1218260"},
    {file = "greenlet-3.5.3-cp314-cp314-musllinux_1_2_aarch64.whl", hash = "sha256:a1fad1d11e7d6aab184107baa8e4ece11ccba3ec9599cd7efa5ff4d70d43256a"},
    {file = "greenlet-3.5.3-cp314-cp314-musllinux_1_2_x86_64.whl", hash = "sha256:fad5aec764399f1b5cc347ad250a59660f20c8f8888ea6bae1f93b769cce1154"},
    {file = "greenlet-3.5.3-cp314-cp314-win_amd64.whl", hash = "sha256:7669aa24cf2a1041d6f7899575b494a3ab4cf68bfcc8609b1dc0be7272db835e"},
    {file = "greenlet-3.5.3-cp314-cp314-win_arm64.whl", hash = "sha256:5b4807c4082c9d1b6d9eed56fcd041863e37f2228106eef24c30ca096e238605"},
    {file = "greenlet-3.5.3-cp314-cp314t-macosx_11_0_universal2.whl", hash = "sha256:271a8ea7c1024e8a0d7dd2be66dd66dda8a07193f41a17b9e924f7600f5b62be"},
    {file = "greenlet-3.5.3-cp314-cp314t-manylinux_2_24_aarch64.manylinux_2_28_aarch64.whl", hash = "sha256:19131729ae0ddc3c2e1ef85e650169b5e37ee32e400f215f78b94d7b0d567310"},
    {file = "greenlet-3.5.3-cp314-cp314t-manylinux_2_24_ppc64le.manylinux_2_28_ppc64le.whl", hash = "sha256:1540dd8e5fc2a5aec40fbb98ef8e149fa47c89a4b4a1cf2575a14d3d1869d7a8"},
    {file = "greenlet-3.5.3-cp314-cp314t-manylinux_2_24_s390x.manylinux_2_28_s390x.whl", hash = "sha256:b897d97759425953f69a9c0fac67f8fe333ec0ce7377ef186fb2b0c3ad5e354d"},
    {file = "greenlet-3.5.3-cp314-cp314t-manylinux_2_24_x86_64.manylinux_2_28_x86_64.whl", hash = "sha256:e81fa194a1d20967877bdf9c7794db2bc99063e5be36aee710c08f04c5bb087f"},
    {file = "greenlet-3.5.3-cp314-cp314t-manylinux_2_39_riscv64.whl", hash = "sha256:3236754d423955ea08e9bb5f6c04a7895f9e22c290b66aa7653fcb922d839eb0"},
    {file = "greenlet-3.5.3-cp314-cp314t-musllinux_1_2_aarch64.whl", hash = "sha256:55cf4d777485d43110e47133cbba6d74a8885a87ec1227ef0267f9ee80c5aa21"},
    {file = "greenlet-3.5.3-cp314-cp314t-musllinux_1_2_x86_64.whl", hash = "sha256:12a248ba75f6a9a236375f52296c498c89ff1d8badf32deb9eca7abd5853f7da"},
    {file = "greenlet-3.5.3-cp314-cp314t-win_amd64.whl", hash = "sha256:efc6bd60ea02e085862c74a3ef64b147ffc6f1a5ea7d9f26e7a939943f68c1e3"},
    {file = "greenlet-3.5.3-cp315-cp315-macosx_11_0_universal2.whl", hash = "sha256:ea03f2f04367845d6b58eeed276e1e56e51f0b97d8ad5a88a7d20a91dc9056cc"},
    {file = "greenlet-3.5.3-cp315-cp315-manylinux_2_24_aarch64.manylinux_2_28_aarch64.whl", hash = "sha256:78dbef602fda6d97d957eb7937f70c9ce9e9527330347f8f6b6f9e554a9e7a47"},
    {file = "greenlet-3.5.3-cp315-cp315-manylinux_2_24_ppc64le.manylinux_2_28_ppc64le.whl", hash = "sha256:6f73857adb8fee13fa56c172bd11262f888c0c648f9fea113e777bb2c7904a81"},
    {file = "greenlet-3.5.3-cp315-cp315-manylinux_2_24_s390x.manylinux_2_28_s390x.whl", hash = "sha256:cefa9cef4b371f9844c6053db71f1138bc6807bab1578b0dae5149c1f1141357"},
    {file = "greenlet-3.5.3-cp315-cp315-manylinux_2_24_x86_64.manylinux_2_28_x86_64.whl", hash = "sha256:232fec92e823addaf02d9472cf7381e24a1d046a6ced1103c5caa4c21b9dfc1d"},
    {file = "greenlet-3.5.3-cp315-cp315-manylinux_2_39_riscv64.whl", hash = "sha256:6219b6d04dbf6ba6084d77dc609e8473060dc55f759cbf626d512122781fa128"},
    {file = "greenlet-3.5.3-cp315-cp315-musllinux_1_2_aarch64.whl", hash = "sha256:2421c3564da9429d5586d46ca31ebb26516b5498a802cf65c041a8e8a8980d34"},
    {file = "greenlet-3.5.3-cp315-cp315-musllinux_1_2_x86_64.whl", hash = "sha256:e0f0d160f0b2e558e6c75f7930967183255dc9735e5f5b8cae58ee09c9576d8b"},
    {file = "greenlet-3.5.3-cp315-cp315-win_amd64.whl", hash = "sha256:dd99329bbc15ca78dcc583dba05d0b1b0bae01ab6c2174989f5aaee3e41ac930"},
    {file = "greenlet-3.5.3-cp315-cp315-win_arm64.whl", hash = "sha256:499fef2acede88c1864a57bb586b4bf533c81e1b82df7ab93451cdb47dfec227"},
    {file = "greenlet-3.5.3-cp315-cp315t-macosx_11_0_universal2.whl", hash = "sha256:176bc16a721fa5fc294d70b87b4dfa5fbdd251b3da5d5372735ecef9bd7d6d0c"},
    {file = "greenlet-3.5.3-cp315-cp315t-manylinux_2_24_aarch64.manylinux_2_28_aarch64.whl", hash = "sha256:629b614d2b786e89c50440e246f33eea78f58a962d0bdbbcc809e6d13605903f"},
    {file = "greenlet-3.5.3-cp315-cp315t-manylinux_2_24_ppc64le.manylinux_2_28_ppc64le.whl", hash = "sha256:2b2e857ae16f5f72142edf75f9f176fe7526ba19a2841df1420516f83831c9f2"},
    {file = "greenlet-3.5.3-cp315-cp315t-manylinux_2_24_s390x.manylinux_2_28_s390x.whl", hash = "sha256:16d192579ed281051396dddd7f7754dac6259e6b1fb26378c87b66622f8e3f91"},
    {file = "greenlet-3.5.3-cp315-cp315t-manylinux_2_24_x86_64.manylinux_2_28_x86_64.whl", hash = "sha256:e515757e2e36bcbf1fad09a46e1557e8b1ae1797d4b44d09da7deed88ad28608"},
    {file = "greenlet-3.5.3-cp315-cp315t-manylinux_2_39_riscv64.whl", hash = "sha256:4399eb8d041f20b68d943918bc55502a93d6fdc0a37c14da7881c04139acee9d"},
    {file = "greenlet-3.5.3-cp315-cp315t-musllinux_1_2_aarch64.whl", hash = "sha256:b363d46ed1ea431825fdb01471bb024fc08399bad1572a616e853c7684415adb"},
    {file = "greenlet-3.5.3-cp315-cp315t-musllinux_1_2_x86_64.whl", hash = "sha256:e44da2f5bbdaabaf7d80b73dbb430c7035771e9f244e3c8b769715c9d8fa0a16"},
    {file = "greenlet-3.5.3-cp315-cp315t-win_amd64.whl", hash = "sha256:8ff8bed3e3baa20a3ea261ce00526f1898ad4801d4886fd2220580ee0ad8fadf"},
    {file = "greenlet-3.5.3-cp315-cp315t-win_arm64.whl", hash = "sha256:b7068bd09f761f3f5b4d214c2bed063186b2a86148c740b3873e3f56d79bac31"},
    {file = "greenlet-3.5.3.tar.gz", hash = "sha256:a61efc018fd3eb317eeca31aba90ee9e7f26f22884a79b6c6ec715bf71bb62f1"},
]

[[package]]
name = "h11"
version = "0.16.0"
requires_python = ">=3.8"
summary = "A pure-Python, bring-your-own-I/O implementation of HTTP/1.1"
groups = ["default"]
files = [
    {file = "h11-0.16.0-py3-none-any.whl", hash = "sha256:63cf8bbe7522de3bf65932fda1d9c2772064ffb3dae62d55932da54b31cb6c86"},
    {file = "h11-0.16.0.tar.gz", hash = "sha256:4e35b956cf45792e4caa5885e69fba00bdbc6ffafbfa020300e549b208ee5ff1"},
]

[[package]]
name = "iniconfig"
version = "2.3.0"
requires_python = ">=3.10"
summary = "brain-dead simple config-ini parsing"
groups = ["dev"]
files = [
    {file = "iniconfig-2.3.0-py3-none-any.whl", hash = "sha256:f631c04d2c48c52b84d0d0549c99ff3859c98df65b3101406327ecc7d53fbf12"},
    {file = "iniconfig-2.3.0.tar.gz", hash = "sha256:c76315c77db068650d49c5b56314774a7804df16fee4402c1f19d6d15d8c4730"},
]

[[package]]
name = "jh2"
version = "5.0.13"
requires_python = ">=3.7"
summary = "HTTP/2 State-Machine based protocol implementation"
groups = ["default"]
files = [
    {file = "jh2-5.0.13-cp314-cp314t-macosx_10_12_x86_64.macosx_11_0_arm64.macosx_10_12_universal2.whl", hash = "sha256:1dd137086b13d55a53c4b7b8b75869c824060a4d35615e4f49180ae58c7783f5"},
    {file = "jh2-5.0.13-cp314-cp314t-manylinux_2_17_aarch64.manylinux2014_aarch64.whl", hash = "sha256:75d0b2bffb2e260a0f3578a11a4999a713c94d1bd8de7cfe692c840e20ae83cf"},
    {file = "jh2-5.0.13-cp314-cp314t-manylinux_2_17_armv7l.manylinux2014_armv7l.whl", hash = "sha256:f681e197bf6552df3bb7a3abfd676e81316b69e36e7263e72383477174032ca2"},
    {file = "jh2-5.0.13-cp314-cp314t-manylinux_2_17_ppc64.manylinux2014_ppc64.whl", hash = "sha256:bde7e7ff0f17e87aca9ef23f66b80540a2de0ff8e2c26af55eb2e288a2a5f74f"},
    {file = "jh2-5.0.13-cp314-cp314t-manylinux_2_17_ppc64le.manylinux2014_ppc64le.whl", hash = "sha256:6f8d364d53cc0854d910f2305726a8254acb527f13fa933dc213a591e21e7ffa"},
    {file = "jh2-5.0.13-cp314-cp314t-manylinux_2_17_s390x.manylinux2014_s390x.whl", hash = "sha256:b572daaafbd867bb5c5f324c918704ddd6d76af1cc7c2be483c3649b76ce7940"},
    {file = "jh2-5.0.13-cp314-cp314t-manylinux_2_17_x86_64.manylinux2014_x86_64.whl", hash = "sha256:a0772ad66f346038fe05cb2928866ff1b21bcaa9ec3f14709fa1d419ed1dc287"},
    {file = "jh2-5.0.13-cp314-cp314t-manylinux_2_5_i686.manylinux1_i686.whl", hash = "sha256:b1d8313b13acfdef19c5ff793fdf397bae3d8d75181f6eee62604f13e4ec20a8"},
    {file = "jh2-5.0.13-cp314-cp314t-musllinux_1_1_aarch64.whl", hash = "sha256:99aedd20daacb32f377152c9103d8d0271f32d1932bd39a5ed2cd2eef97f7e07"},
    {file = "jh2-5.0.13-cp314-cp314t-musllinux_1_1_armv7l.whl", hash = "sha256:53b1df29ffe966cde1d2f0085b6acfcd237504627d406a51717ef3849ec88831"},
    {file = "jh2-5.0.13-cp314-cp314t-musllinux_1_1_i686.whl", hash = "sha256:0ee6a5dd24a1dc0772a89b3498ed20f60167fbc633404b1e02895f04ae66c47c"},
    {file = "jh2-5.0.13-cp314-cp314t-musllinux_1_1_x86_64.whl", hash = "sha256:521f871864880cabe361060f070516a56a54abc3e96f07bee9ba8b061eada891"},
    {file = "jh2-5.0.13-cp314-cp314t-win32.whl", hash = "sha256:5909e2273f8b6fcea93c95564aa0f366ff9261a544a7a5d640ea95341321cc37"},
    {file = "jh2-5.0.13-cp314-cp314t-win_amd64.whl", hash = "sha256:2cc4923ac6f57753e0cb4aef054a04f5d5c744b274dabf863f695fa3c2fd75f9"},
    {file = "jh2-5.0.13-cp314-cp314t-win_arm64.whl", hash = "sha256:d3cf203de31371289d4c1e6b4d30c9f6de95b2bd2b300fe5468ff946299d0e48"},
    {file = "jh2-5.0.13-cp37-abi3-macosx_10_12_x86_64.macosx_11_0_arm64.macosx_10_12_universal2.whl", hash = "sha256:3f54095cde010ff4e52f23dda92b31d3d3160c64f5f23fc6e181f8c7938afd33"},
    {file = "jh2-5.0.13-cp37-abi3-manylinux_2_17_aarch64.manylinux2014_aarch64.whl", hash = "sha256:f810dd02b4a9647eacbe4eab617111c0e3ffc68e923e3ff172948db601d2ba1e"},
    {file = "jh2-5.0.13-cp37-abi3-manylinux_2_17_armv7l.manylinux2014_armv7l.whl", hash = "sha256:29c23f3937f257beb5cd5b17f8727404f1267ff25d26e54c0a35d5defd0c895e"},
    {file = "jh2-5.0.13-cp37-abi3-manylinux_2_17_ppc64.manylinux2014_ppc64.whl", hash = "sha256:c697b250a935030a128b45b41f507a4d33a082d8b8e12311c7e73fbb3970f057"},
    {file = "jh2-5.0.13-cp37-abi3-manylinux_2_17_ppc64le.manylinux2014_ppc64le.whl", hash = "sha256:47d3203ed6fec39df4922764817979fad3a13d22cf750adc9cf9dc2b3399eacf"},
    {file = "jh2-5.0.13-cp37-abi3-manylinux_2_17_s390x.manylinux2014_s390x.whl", hash = "sha256:a5146468a76bbe8f4035f23a78813c5c433c70c0ca44eb0ba5558627a9e644b8"},
    {file = "jh2-5.0.13-cp37-abi3-manylinux_2_17_x86_64.manylinux2014_x86_64.whl", hash = "sha256:85d3d338284fbfbe173243c3cc62e510c6fa0d6d023e67da2292bd7578c734e3"},
    {file = "jh2-5.0.13-cp37-abi3-manylinux_2_5_i686.manylinux1_i686.whl", hash = "sha256:641f65f5414b8990251bd7609513a696831558f69d2ca77d65dc3f7087f31267"},
    {file = "jh2-5.0.13-cp37-abi3-musllinux_1_1_aarch64.whl", hash = "sha256:cf3dc6f7c14340241260bf63e5d6006b2ee7db45dafcb39c16fdf164ea0240a0"},
    {file = "jh2-5.0.13-cp37-abi3-musllinux_1_1_armv7l.whl", hash = "sha256:fb8e37ecf37382c02af83da521df5a77561441bc4cbb93b00627e015b7bbf349"},
    {file = "jh2-5.0.13-cp37-abi3-musllinux_1_1_i686.whl", hash = "sha256:296ee44dfad08ccc3857daf433dfa4a555d5b45f2df39503ccdd90ff10b32943"},
    {file = "jh2-5.0.13-cp37-abi3-musllinux_1_1_x86_64.whl", hash = "sha256:1a75eed545420a31ea356e8046b8d86fcf694234dd1035191734a03720fb8a44"},
    {file = "jh2-5.0.13-cp37-abi3-win32.whl", hash = "sha256:4812710810010c428db04e9290a13117f7b7c5a3a663b46a0586fe101cf25c9d"},
    {file = "jh2-5.0.13-cp37-abi3-win_amd64.whl", hash = "sha256:5d61bc0a62b4eee11039bf29d4bdbb26efcff760dfb9d8e0739740028aa52b0f"},
    {file = "jh2-5.0.13-cp37-abi3-win_arm64.whl", hash = "sha256:3f74dad9036e599eed51576492b00955237b86cf886f96844708a81cd0f5c710"},
    {file = "jh2-5.0.13-py3-none-any.whl", hash = "sha256:2b311414989da48a155721fe47d0dc3e3b75360efd62d779aaff72d786be91cf"},
    {file = "jh2-5.0.13.tar.gz", hash = "sha256:f8c78cffb3a35c4410513c3eb7989de36028c84277c04f07c97909dd94c23a75"},
]

[[package]]
name = "markdown-it-py"
version = "4.2.0"
requires_python = ">=3.10"
summary = "Python port of markdown-it. Markdown parsing, done right!"
groups = ["default"]
dependencies = [
    "mdurl~=0.1",
]
files = [
    {file = "markdown_it_py-4.2.0-py3-none-any.whl", hash = "sha256:9f7ebbcd14fe59494226453aed97c1070d83f8d24b6fc3a3bcf9a38092641c4a"},
    {file = "markdown_it_py-4.2.0.tar.gz", hash = "sha256:04a21681d6fbb623de53f6f364d352309d4094dd4194040a10fd51833e418d49"},
]

[[package]]
name = "mdurl"
version = "0.1.2"
requires_python = ">=3.7"
summary = "Markdown URL utilities"
groups = ["default"]
files = [
    {file = "mdurl-0.1.2-py3-none-any.whl", hash = "sha256:84008a41e51615a49fc9966191ff91509e3c40b939176e643fd50a5c2196b8f8"},
    {file = "mdurl-0.1.2.tar.gz", hash = "sha256:bb413d29f5eea38f31dd4754dd7377d4465116fb207585f97bf925588687c1ba"},
]

[[package]]
name = "msgspec"
version = "0.21.1"
requires_python = ">=3.10"
summary = "A fast serialization and validation library, with builtin support for JSON, MessagePack, YAML, and TOML."
groups = ["default"]
files = [
    {file = "msgspec-0.21.1-cp314-cp314-macosx_10_15_x86_64.whl", hash = "sha256:fab48eb45fdbfbdb2c0edfec00ffc53b6b6085beefc6b50b61e01659f9f8757f"},
    {file = "msgspec-0.21.1-cp314-cp314-macosx_11_0_arm64.whl", hash = "sha256:3cb779ea0c35bc807ff941d415875c1f69ca0be91a2e907ab99a171811d86a9a"},
    {file = "msgspec-0.21.1-cp314-cp314-manylinux2014_aarch64.manylinux_2_17_aarch64.manylinux_2_28_aarch64.whl", hash = "sha256:68604db36b3b4dd9bf160e436e12798a4738848144cea1aca1cb984011eb160f"},
    {file = "msgspec-0.21.1-cp314-cp314-manylinux2014_x86_64.manylinux_2_17_x86_64.manylinux_2_28_x86_64.whl", hash = "sha256:3d6b9dc50948eaf65df54d2fd0ff66e6d8c32f116037209ee861810eb9b676cb"},
    {file = "msgspec-0.21.1-cp314-cp314-musllinux_1_2_aarch64.whl", hash = "sha256:52c5e21930942302394429c5a582ce7e6b62c7f983b3760834c2ce107e0dd6df"},
    {file = "msgspec-0.21.1-cp314-cp314-musllinux_1_2_x86_64.whl", hash = "sha256:abbb39d65681fa24ed394e01af3d59d869068324f900c61d06062b7fb9980f2f"},
    {file = "msgspec-0.21.1-cp314-cp314-win_amd64.whl", hash = "sha256:5666b1b560b97b6ec2eb3fca8a502298ebac56e13bbca1f88523538ce83d01ea"},
    {file = "msgspec-0.21.1-cp314-cp314-win_arm64.whl", hash = "sha256:d8b8578e4c83b14ceea4cef0d0b747e31d9330fe4b03b2b2ad4063866a178f93"},
    {file = "msgspec-0.21.1-cp314-cp314t-macosx_10_15_x86_64.whl", hash = "sha256:15f523d51c00ebad412213bfe9f06f0a50ec2b93e0c19e824a2d267cabb48ea2"},
    {file = "msgspec-0.21.1-cp314-cp314t-macosx_11_0_arm64.whl", hash = "sha256:4e47390360583ba3d5c6cb44cf0a9f61b0a06a899d3c2c00627cedebb2e2884b"},
    {file = "msgspec-0.21.1-cp314-cp314t-manylinux2014_aarch64.manylinux_2_17_aarch64.manylinux_2_28_aarch64.whl", hash = "sha256:f60800e6299b798142dc40b0644da77ceac5ea0568be58228417eae14135c847"},
    {file = "msgspec-0.21.1-cp314-cp314t-manylinux2014_x86_64.manylinux_2_17_x86_64.manylinux_2_28_x86_64.whl", hash = "sha256:5f8e9dfcd98419cf7568808470c4317a3fb30bef0e3715b568730a2b272a20d7"},
    {file = "msgspec-0.21.1-cp314-cp314t-musllinux_1_2_aarch64.whl", hash = "sha256:92d89dfad13bd1ea640dc3e37e724ed380da1030b272bdf5ecafb983c3ad7c75"},
    {file = "msgspec-0.21.1-cp314-cp314t-musllinux_1_2_x86_64.whl", hash = "sha256:0d03867786e5d7ba25d666df4b11320c27170f4aeafcb8e3a8b0a50a4fb742ca"},
    {file = "msgspec-0.21.1-cp314-cp314t-win_amd64.whl", hash = "sha256:740fbf1c9d59992ca3537d6fbe9ebbf9eaf726a65fbf31448e0ecbc710697a63"},
    {file = "msgspec-0.21.1-cp314-cp314t-win_arm64.whl", hash = "sha256:0d2cc73df6058d811a126ac3a8ad63a4dfa210c82f9cf5a004802eaf4712de90"},
    {file = "msgspec-0.21.1.tar.gz", hash = "sha256:2313508e394b0d208f8f56892ca9b2799e2561329de9763b19619595a6c0f72c"},
]

[[package]]
name = "niquests"
version = "3.20.1"
requires_python = ">=3.7"
summary = "Niquests is a simple, yet elegant, HTTP library. It is a drop-in replacement for Requests, which is under feature freeze."
groups = ["default"]
dependencies = [
    "charset-normalizer<4,>=2",
    "urllib3-future<3,>=2.13.903",
    "wassima<3,>=1.0.1; sys_platform != \"emscripten\"",
]
files = [
    {file = "niquests-3.20.1-py3-none-any.whl", hash = "sha256:71062880739c94d67aead1f8b7972baad3236b97a55a490493729789d1639fc4"},
    {file = "niquests-3.20.1.tar.gz", hash = "sha256:55951812cf997963bfef8e4f797ff0460ca571e53ec184039b010e12152c0e41"},
]

[[package]]
name = "nodejs-wheel-binaries"
version = "24.16.0"
requires_python = ">=3.7"
summary = "unoffical Node.js package"
groups = ["dev"]
dependencies = [
    "typing-extensions; python_version < \"3.8\"",
]
files = [
    {file = "nodejs_wheel_binaries-24.16.0-py2.py3-none-macosx_13_0_arm64.whl", hash = "sha256:d9f8f677dcf30e37ac244f07869726abe043f01eb0f45722b1df31cc2af7093c"},
    {file = "nodejs_wheel_binaries-24.16.0-py2.py3-none-macosx_13_0_x86_64.whl", hash = "sha256:3d0370fe7120ce9697a4f60d40480d2bd8808d9f30131458d5afc0040d4e5a51"},
    {file = "nodejs_wheel_binaries-24.16.0-py2.py3-none-manylinux_2_28_aarch64.whl", hash = "sha256:85dc92bbb79c851569c5925dcc2a4c915a034efab375f99e4e7e6bbe9cca8342"},
    {file = "nodejs_wheel_binaries-24.16.0-py2.py3-none-manylinux_2_28_x86_64.whl", hash = "sha256:2f3036292811514ba847b3708492644764f88a833ac425c5f55007014308ddfd"},
    {file = "nodejs_wheel_binaries-24.16.0-py2.py3-none-musllinux_1_2_aarch64.whl", hash = "sha256:db8a8a76ebd2b28ecbfc9ad464baa3707241b9e050a30e2efdf6f60c0f886502"},
    {file = "nodejs_wheel_binaries-24.16.0-py2.py3-none-musllinux_1_2_x86_64.whl", hash = "sha256:f1a3d8f7b4491cbbd023ba3fc4e901fcca2d9fb80d57f24ba3890de8b1dbac03"},
    {file = "nodejs_wheel_binaries-24.16.0-py2.py3-none-win_amd64.whl", hash = "sha256:bb136be9944f0662dcf1120f45193a6b75b13fac378971a95cc42c9f879a81aa"},
    {file = "nodejs_wheel_binaries-24.16.0-py2.py3-none-win_arm64.whl", hash = "sha256:8308940b5edd0a50dc5267ea36ba21c9f668e83fe0d9f293937174d3a7e31c36"},
    {file = "nodejs_wheel_binaries-24.16.0.tar.gz", hash = "sha256:c973cb69dc5fd16e6f6dc6e579e2c3d5534e2a1f57619dddf5ba070efa7dde37"},
]

[[package]]
name = "packaging"
version = "26.2"
requires_python = ">=3.8"
summary = "Core utilities for Python packages"
groups = ["dev"]
files = [
    {file = "packaging-26.2-py3-none-any.whl", hash = "sha256:5fc45236b9446107ff2415ce77c807cee2862cb6fac22b8a73826d0693b0980e"},
    {file = "packaging-26.2.tar.gz", hash = "sha256:ff452ff5a3e828ce110190feff1178bb1f2ea2281fa2075aadb987c2fb221661"},
]

[[package]]
name = "platformdirs"
version = "4.10.0"
requires_python = ">=3.10"
summary = "A small Python package for determining appropriate platform-specific dirs, e.g. a `user data dir`."
groups = ["default"]
files = [
    {file = "platformdirs-4.10.0-py3-none-any.whl", hash = "sha256:fb516cdb12eb0d857d0cd85a7c57cea4d060bee4578d6cf5a14dfdf8cbf8784a"},
    {file = "platformdirs-4.10.0.tar.gz", hash = "sha256:31e761a6a0ca04faf7353ea759bdba55652be214725111e5aac52dfa29d4bef7"},
]

[[package]]
name = "pluggy"
version = "1.6.0"
requires_python = ">=3.9"
summary = "plugin and hook calling mechanisms for python"
groups = ["dev"]
files = [
    {file = "pluggy-1.6.0-py3-none-any.whl", hash = "sha256:e920276dd6813095e9377c0bc5566d94c932c33b27a3e3945d8389c374dd4746"},
    {file = "pluggy-1.6.0.tar.gz", hash = "sha256:7dcc130b76258d33b90f61b658791dede3486c3e6bfb003ee5c9bfb396dd22f3"},
]

[[package]]
name = "pygments"
version = "2.20.0"
requires_python = ">=3.9"
summary = "Pygments is a syntax highlighting package written in Python."
groups = ["default", "dev"]
files = [
    {file = "pygments-2.20.0-py3-none-any.whl", hash = "sha256:81a9e26dd42fd28a23a2d169d86d7ac03b46e2f8b59ed4698fb4785f946d0176"},
    {file = "pygments-2.20.0.tar.gz", hash = "sha256:6757cd03768053ff99f3039c1a36d6c0aa0b263438fcab17520b30a303a82b5f"},
]

[[package]]
name = "pytest"
version = "9.1.1"
requires_python = ">=3.10"
summary = "pytest: simple powerful testing with Python"
groups = ["dev"]
dependencies = [
    "colorama>=0.4; sys_platform == \"win32\"",
    "exceptiongroup>=1; python_version < \"3.11\"",
    "iniconfig>=1.0.1",
    "packaging>=22",
    "pluggy<2,>=1.5",
    "pygments>=2.7.2",
    "tomli>=1; python_version < \"3.11\"",
]
files = [
    {file = "pytest-9.1.1-py3-none-any.whl", hash = "sha256:37a86b45efb9a47a61a36449063e8e18d0cab3161329fc099eb21783169c4f0c"},
    {file = "pytest-9.1.1.tar.gz", hash = "sha256:1088fbde8f2b49d95a549a195707afa7a76a3ce9bcadc26b6d71f0ffda5fe313"},
]

[[package]]
name = "pytest-asyncio"
version = "1.4.0"
requires_python = ">=3.10"
summary = "Pytest support for asyncio"
groups = ["dev"]
dependencies = [
    "backports-asyncio-runner<2,>=1.1; python_version < \"3.11\"",
    "pytest<10,>=8.4",
    "typing-extensions>=4.12; python_version < \"3.13\"",
]
files = [
    {file = "pytest_asyncio-1.4.0-py3-none-any.whl", hash = "sha256:933ca923a23075a87fb7070c0ec272a6848489824d887c85c812670932835aa1"},
    {file = "pytest_asyncio-1.4.0.tar.gz", hash = "sha256:c6c0d2259945122819f171a32ecea2c349ead889ee28176caaf492143424be42"},
]

[[package]]
name = "pywinpty"
version = "3.0.5"
requires_python = ">=3.10"
summary = "Pseudo terminal support for Windows from Python."
groups = ["default"]
marker = "sys_platform == \"win32\""
files = [
    {file = "pywinpty-3.0.5-cp314-cp314-win_amd64.whl", hash = "sha256:03bb3c16d691d9242267201830bcd0e64a9b663170e9042bc84b210da9de15ac"},
    {file = "pywinpty-3.0.5-cp314-cp314-win_arm64.whl", hash = "sha256:89c5c6ef08997a3b4b277b214a35fe15cab4dd6d119f0140aa71df5b1168fdbc"},
    {file = "pywinpty-3.0.5-cp314-cp314t-win_amd64.whl", hash = "sha256:7b566165e0c5fdd6abe167a5ac8b954be6a843eb55a85946576d6bc1dea03d6d"},
    {file = "pywinpty-3.0.5-cp314-cp314t-win_arm64.whl", hash = "sha256:24366280a8aa677323da87bec729cb3ea3b35367386cece0978bdc6e4695c690"},
    {file = "pywinpty-3.0.5.tar.gz", hash = "sha256:61db0db063de9865adbea66db294628f8577f608d9764a4c7d3384eeacc4e81b"},
]

[[package]]
name = "qh3"
version = "1.9.4"
requires_python = ">=3.7"
summary = "A lightway and fast implementation of QUIC and HTTP/3"
groups = ["default"]
marker = "(platform_system == \"Darwin\" or platform_system == \"Windows\" or platform_system == \"Linux\") and platform_python_implementation == \"PyPy\" and (platform_machine == \"x86_64\" or platform_machine == \"s390x\" or platform_machine == \"armv7l\" or platform_machine == \"ppc64le\" or platform_machine == \"ppc64\" or platform_machine == \"AMD64\" or platform_machine == \"aarch64\" or platform_machine == \"arm64\" or platform_machine == \"ARM64\" or platform_machine == \"x86\" or platform_machine == \"i686\" or platform_machine == \"riscv64\" or platform_machine == \"riscv64gc\") and python_version < \"3.12\" or (platform_system == \"Darwin\" or platform_system == \"Windows\" or platform_system == \"Linux\") and python_full_version > \"3.7.10\" and (platform_machine == \"x86_64\" or platform_machine == \"s390x\" or platform_machine == \"armv7l\" or platform_machine == \"ppc64le\" or platform_machine == \"ppc64\" or platform_machine == \"AMD64\" or platform_machine == \"aarch64\" or platform_machine == \"arm64\" or platform_machine == \"ARM64\" or platform_machine == \"x86\" or platform_machine == \"i686\" or platform_machine == \"riscv64\" or platform_machine == \"riscv64gc\") and platform_python_implementation == \"CPython\""
files = [
    {file = "qh3-1.9.4-cp314-cp314t-macosx_10_12_x86_64.macosx_11_0_arm64.macosx_10_12_universal2.whl", hash = "sha256:100368855b0e103774438aaf8b38c711fb51b79f18e3b9dc873ea573648bcc3d"},
    {file = "qh3-1.9.4-cp314-cp314t-manylinux_2_17_aarch64.manylinux2014_aarch64.whl", hash = "sha256:9b9d45e544e0a556380bd2a92af180ee98d32bca6cf622f28350ebc000611bdf"},
    {file = "qh3-1.9.4-cp314-cp314t-manylinux_2_17_armv7l.manylinux2014_armv7l.whl", hash = "sha256:43f80d662078c26563a1aac32a4df22649473d996bf2422e073c8aa55b1c837c"},
    {file = "qh3-1.9.4-cp314-cp314t-manylinux_2_17_i686.manylinux2014_i686.whl", hash = "sha256:551f60d487d849d6f2313dda94e54ebb16b1a29acb93676540ae790a56308c24"},
    {file = "qh3-1.9.4-cp314-cp314t-manylinux_2_17_ppc64.manylinux2014_ppc64.whl", hash = "sha256:3755d777ff35561bc719f571ebc4b91aaa8a945c210e50b2576bf2cc69cb511f"},
    {file = "qh3-1.9.4-cp314-cp314t-manylinux_2_17_ppc64le.manylinux2014_ppc64le.whl", hash = "sha256:04b64bb18e10d8f482bea1ef43e5da3448e2d5ba78bb0c735da5b9e02d7dfb0e"},
    {file = "qh3-1.9.4-cp314-cp314t-manylinux_2_17_s390x.manylinux2014_s390x.whl", hash = "sha256:b47597daa4ae9195f81a35822217a395d3277f01a393d9c2bb3796a6b458b22c"},
    {file = "qh3-1.9.4-cp314-cp314t-manylinux_2_17_x86_64.manylinux2014_x86_64.whl", hash = "sha256:c9bb9012bc02c44da6af1b931b6082588519685fad8a1f866c341f749394f53f"},
    {file = "qh3-1.9.4-cp314-cp314t-manylinux_2_39_riscv64.whl", hash = "sha256:9c7f3781ec022dd958b5eb0e5cb2e2a54e207a3d8837fb7290bc239912648fd7"},
    {file = "qh3-1.9.4-cp314-cp314t-musllinux_1_1_aarch64.whl", hash = "sha256:633a24ab2db76d64881876c9d0f1b226a47d892bd7d78e61ea2c788ab59570af"},
    {file = "qh3-1.9.4-cp314-cp314t-musllinux_1_1_armv7l.whl", hash = "sha256:f2ff36b84a4ab9b68806af1f6985fa3b47e29695effe766a3e70c21efac8157c"},
    {file = "qh3-1.9.4-cp314-cp314t-musllinux_1_1_i686.whl", hash = "sha256:2100697d736dbdfd1d3f0266c9fcadea6230b66ed59e3e7f8c9a9d1a6eec0c65"},
    {file = "qh3-1.9.4-cp314-cp314t-musllinux_1_1_riscv64.whl", hash = "sha256:9ce179efaf97f927f01fe158619f5624d8d874c7161b7c497f06897cdde210d5"},
    {file = "qh3-1.9.4-cp314-cp314t-musllinux_1_1_x86_64.whl", hash = "sha256:476ee4fcdbd3454eb0eb4dee5678294f06c08ca8e8b83160e2d0ae3c4ae34603"},
    {file = "qh3-1.9.4-cp314-cp314t-win32.whl", hash = "sha256:fe9df8136bf358d45a2757287523abaeb208fcbe2c1e34664562eb2d8f64dbdb"},
    {file = "qh3-1.9.4-cp314-cp314t-win_amd64.whl", hash = "sha256:1fbdf53feb1732faf6c1cb34f2e1cbe4b543054db7b4d19d8752f1162e9370be"},
    {file = "qh3-1.9.4-cp314-cp314t-win_arm64.whl", hash = "sha256:e03ee1e2157a31c69415c3dbfbfe64e02469499ca46e968d13d8a7b289bf520a"},
    {file = "qh3-1.9.4-cp37-abi3-macosx_10_12_x86_64.macosx_11_0_arm64.macosx_10_12_universal2.whl", hash = "sha256:26f7c8ed1a7ac0e25b654f030a4f472830c80890cc284dc40a31c17ecc21fbf0"},
    {file = "qh3-1.9.4-cp37-abi3-manylinux_2_17_aarch64.manylinux2014_aarch64.whl", hash = "sha256:a57b3dfe5dd2da2084adea63dba0bf587a4096ebf9207339187c90139d1f460d"},
    {file = "qh3-1.9.4-cp37-abi3-manylinux_2_17_armv7l.manylinux2014_armv7l.whl", hash = "sha256:7fa1a3debb5199da3c7f45b0ca6efa55174dfd6229370e774099073143ebe9e9"},
    {file = "qh3-1.9.4-cp37-abi3-manylinux_2_17_i686.manylinux2014_i686.whl", hash = "sha256:6dc9ff40d3a06f27b47d93417666f03ba6fd6b9585d9711ebbddf84fa4b7c50f"},
    {file = "qh3-1.9.4-cp37-abi3-manylinux_2_17_ppc64.manylinux2014_ppc64.whl", hash = "sha256:010b132c33719af3df4c1d6f569e52a2a20046c55a31c5532e741019c8c53868"},
    {file = "qh3-1.9.4-cp37-abi3-manylinux_2_17_ppc64le.manylinux2014_ppc64le.whl", hash = "sha256:124045b0c04c05afc038a239d7717019b4c4b9d0cb967040b4331f4d588eff7d"},
    {file = "qh3-1.9.4-cp37-abi3-manylinux_2_17_s390x.manylinux2014_s390x.whl", hash = "sha256:7a94a1726bf46a451a0295d68fafde28794e83ab6fda7457cbd9309c38151de9"},
    {file = "qh3-1.9.4-cp37-abi3-manylinux_2_17_x86_64.manylinux2014_x86_64.whl", hash = "sha256:3b361e627b6a529ecb231c1d5f3f2abd6d1952b0d7cc02c7718d9657d55dae37"},
    {file = "qh3-1.9.4-cp37-abi3-manylinux_2_39_riscv64.whl", hash = "sha256:43b6cfb2240836e3e54bbe61ad1b8fa5716516ff5359131a2421c55676a24f26"},
    {file = "qh3-1.9.4-cp37-abi3-musllinux_1_1_aarch64.whl", hash = "sha256:e6db3def610e9c2d2f3602d3e9c8b2156273225f6eedf74a4749d3bc21af8167"},
    {file = "qh3-1.9.4-cp37-abi3-musllinux_1_1_armv7l.whl", hash = "sha256:22d5879dc93d2c7ee14cc5933b12c7780d9c7705dff4553becea152fcb767d99"},
    {file = "qh3-1.9.4-cp37-abi3-musllinux_1_1_i686.whl", hash = "sha256:2c2b2005fe6c605d61cac05ec2b3c019cc546184fa43444f3d1e3d22ed020ab2"},
    {file = "qh3-1.9.4-cp37-abi3-musllinux_1_1_riscv64.whl", hash = "sha256:e991b0f20b172fea466d0ffd499a85bf2f26decdeeda537275c72b5f7b26ccfe"},
    {file = "qh3-1.9.4-cp37-abi3-musllinux_1_1_x86_64.whl", hash = "sha256:c13775ed27a88b297f6a1aa05ffb286879453f99e1e53e0af2b22e7ed8f92ebf"},
    {file = "qh3-1.9.4-cp37-abi3-win32.whl", hash = "sha256:952abe1be90c0114993886792a8a5ec2211f8391df41227f5b7a5a02ff71bc26"},
    {file = "qh3-1.9.4-cp37-abi3-win_amd64.whl", hash = "sha256:5543cb40a48d401f3fa4ec89398e3a213634f195716a9d06d70417c05edbbb32"},
    {file = "qh3-1.9.4-cp37-abi3-win_arm64.whl", hash = "sha256:d0bd73b3e73f4f80d2430d410b532222ecf57e9d4fe8600b7683c775cbff9479"},
    {file = "qh3-1.9.4.tar.gz", hash = "sha256:bd2ea9baf19656c544a48a56a195f2ac257cd973b566f5f2998fa3b7446281a1"},
]

[[package]]
name = "rich"
version = "15.0.0"
requires_python = ">=3.9.0"
summary = "Render rich text, tables, progress bars, syntax highlighting, markdown and more to the terminal"
groups = ["default"]
dependencies = [
    "markdown-it-py>=2.2.0",
    "pygments<3.0.0,>=2.13.0",
]
files = [
    {file = "rich-15.0.0-py3-none-any.whl", hash = "sha256:33bd4ef74232fb73fe9279a257718407f169c09b78a87ad3d296f548e27de0bb"},
    {file = "rich-15.0.0.tar.gz", hash = "sha256:edd07a4824c6b40189fb7ac9bc4c52536e9780fbbfbddf6f1e2502c31b068c36"},
]

[[package]]
name = "ruff"
version = "0.15.21"
requires_python = ">=3.7"
summary = "An extremely fast Python linter and code formatter, written in Rust."
groups = ["dev"]
files = [
    {file = "ruff-0.15.21-py3-none-linux_armv6l.whl", hash = "sha256:63ea0e965e5d73c90e95b2434beeafc70820536717f561b32ab6e777cb9bdf5d"},
    {file = "ruff-0.15.21-py3-none-macosx_10_12_x86_64.whl", hash = "sha256:0f212c5d7d54c01bbfe6dcab02b724a39300f3e34ed7acbe995ccb320a2c58bd"},
    {file = "ruff-0.15.21-py3-none-macosx_11_0_arm64.whl", hash = "sha256:e6312e41bc96791299614995ea3a977c5857c3b5662b1ecef6755b02b87cb646"},
    {file = "ruff-0.15.21-py3-none-manylinux_2_17_aarch64.manylinux2014_aarch64.whl", hash = "sha256:01d65b4831c6b2a4ba8ee6faa84049d44d982b7a706e622c4094c509e51673be"},
    {file = "ruff-0.15.21-py3-none-manylinux_2_17_armv7l.manylinux2014_armv7l.whl", hash = "sha256:2c5a913a589120ce67933d5d05fd6ddbcc2481c6a054980ee767f7414c72b4fd"},
    {file = "ruff-0.15.21-py3-none-manylinux_2_17_i686.manylinux2014_i686.whl", hash = "sha256:5ef04b681d02ad4dc9620f00f83ac5c22f652d0e9a9cfe431d219b16ad5ccc41"},
    {file = "ruff-0.15.21-py3-none-manylinux_2_17_ppc64le.manylinux2014_ppc64le.whl", hash = "sha256:16d090c0740916594157e75b80d666eab8e78083b39b3b0e1d698f4670a17b86"},
    {file = "ruff-0.15.21-py3-none-manylinux_2_17_s390x.manylinux2014_s390x.whl", hash = "sha256:3a10e74757dd65004d779b73e2f3c5210156d9980b41224d50d2ebcf1db51e67"},
    {file = "ruff-0.15.21-py3-none-manylinux_2_17_x86_64.manylinux2014_x86_64.whl", hash = "sha256:bab0905d2f29e0d9fbc3c373ed23db0095edaa3f71f1f4f519ec15134d9e85c8"},
    {file = "ruff-0.15.21-py3-none-manylinux_2_31_riscv64.whl", hash = "sha256:00eca240af5789fec6fe7df74c088cc1f9644ed83027113468efba7c92b94075"},
    {file = "ruff-0.15.21-py3-none-musllinux_1_2_aarch64.whl", hash = "sha256:262ab31557a75141325e32d3357f3597645a7f084e732b6b054dde428ecd9341"},
    {file = "ruff-0.15.21-py3-none-musllinux_1_2_armv7l.whl", hash = "sha256:659c4e7a4212f83306045ec7c5e5a356d16d9a6ef4ae0c7a4d872914fc655d9d"},
    {file = "ruff-0.15.21-py3-none-musllinux_1_2_i686.whl", hash = "sha256:9e866eab611a5f959d36df2d10e446973a3610bc42b0c15b31dc27977d59c233"},
    {file = "ruff-0.15.21-py3-none-musllinux_1_2_x86_64.whl", hash = "sha256:e89bc93c0d3803ba870b55c29671bad9dc6d94bb1eb181b056b52eb05b52854f"},
    {file = "ruff-0.15.21-py3-none-win32.whl", hash = "sha256:01f8d5be84823c172b389e123174f781f9daf86d6c58719d603f941932195cdd"},
    {file = "ruff-0.15.21-py3-none-win_amd64.whl", hash = "sha256:d4b8d9a2f0f12b816b50447f6eccb9f4bb01a6b82c86b50fb3b5354b458dc6d3"},
    {file = "ruff-0.15.21-py3-none-win_arm64.whl", hash = "sha256:6e83115d4b9377c1cbc13abf0e051f069fab0ef815ea0504a8a008cee24dd0a8"},
    {file = "ruff-0.15.21.tar.gz", hash = "sha256:d0cfc841c572283c36548f82664a54ce6565567f1b0d5b4cf2caac693d8b7500"},
]

[[package]]
name = "sqlalchemy"
version = "2.0.51"
requires_python = ">=3.7"
summary = "Database Abstraction Library"
groups = ["default"]
dependencies = [
    "greenlet>=1; platform_machine == \"win32\" or platform_machine == \"WIN32\" or platform_machine == \"AMD64\" or platform_machine == \"amd64\" or platform_machine == \"x86_64\" or platform_machine == \"ppc64le\" or platform_machine == \"aarch64\"",
    "importlib-metadata; python_version < \"3.8\"",
    "typing-extensions>=4.6.0",
]
files = [
    {file = "sqlalchemy-2.0.51-cp314-cp314-macosx_11_0_arm64.whl", hash = "sha256:6ea306caaae6bd5afd0a46050003c88f6bf33227377a49298c498c3cb88ff491"},
    {file = "sqlalchemy-2.0.51-cp314-cp314-manylinux2014_aarch64.manylinux_2_17_aarch64.manylinux_2_28_aarch64.whl", hash = "sha256:c45a496d6bc05dec41dcd4c3a2b183723f47473255c159cd80b503c8f246424d"},
    {file = "sqlalchemy-2.0.51-cp314-cp314-manylinux2014_x86_64.manylinux_2_17_x86_64.manylinux_2_28_x86_64.whl", hash = "sha256:4004ada0aafe8ae1991b2cd1d99c6d9146126e123bd6f883c260d974aa012e54"},
    {file = "sqlalchemy-2.0.51-cp314-cp314-musllinux_1_2_aarch64.whl", hash = "sha256:0f6bcad487aee1c638d707235682fc96f741de00663619881ab235400d03289e"},
    {file = "sqlalchemy-2.0.51-cp314-cp314-musllinux_1_2_x86_64.whl", hash = "sha256:39a76529db6305693d8d4affa58ad5b5e2e18edd62daea628b29b97930b3513d"},
    {file = "sqlalchemy-2.0.51-cp314-cp314-win32.whl", hash = "sha256:08a204d8b5638717c26a24df18fcf40af45a6b22e35b70b1d62f0113c2e278e8"},
    {file = "sqlalchemy-2.0.51-cp314-cp314-win_amd64.whl", hash = "sha256:96747bfbadb055466e5b46d572618170046b45ce5a4879167f50d70a5319a499"},
    {file = "sqlalchemy-2.0.51-cp314-cp314t-macosx_11_0_arm64.whl", hash = "sha256:e5ea1a213be1fcd5e49d9904c3b9939211ded90bc2a64e93f4c01963474285de"},
    {file = "sqlalchemy-2.0.51-cp314-cp314t-manylinux2014_aarch64.manylinux_2_17_aarch64.manylinux_2_28_aarch64.whl", hash = "sha256:7c6b36ed71f41942bdcd2ad2522be46bfce09d5705be5640ecf19bbc7660e4b7"},
    {file = "sqlalchemy-2.0.51-cp314-cp314t-manylinux2014_x86_64.manylinux_2_17_x86_64.manylinux_2_28_x86_64.whl", hash = "sha256:0c2c62877097e1a0db401fba5cb4debee33265e5b2a55c4ccb489c02c53b4f72"},
    {file = "sqlalchemy-2.0.51-cp314-cp314t-musllinux_1_2_aarch64.whl", hash = "sha256:0378d055e9e8cd6ce4d8dff683bdd3d7d413533c4ee51d67a2b1e0f9eacc0f23"},
    {file = "sqlalchemy-2.0.51-cp314-cp314t-musllinux_1_2_x86_64.whl", hash = "sha256:6e46fc36029eff666391e0531e5387b62ce6c4f1d8e50b3fb3099eaca1b42522"},
    {file = "sqlalchemy-2.0.51-cp314-cp314t-win32.whl", hash = "sha256:9161cfc9efce70d1715f47d6ff40f79c6778c00d53be4fbc09d70301e4b83ba7"},
    {file = "sqlalchemy-2.0.51-cp314-cp314t-win_amd64.whl", hash = "sha256:159bb6ba32059f57ad7375a8f50d844dd2f19d14954ecf820cd33e20debd46b2"},
    {file = "sqlalchemy-2.0.51-py3-none-any.whl", hash = "sha256:bb024d8b621d0be75f4f44ecc7c950450026e76d66dc8f791bb5331d7fed59d5"},
    {file = "sqlalchemy-2.0.51.tar.gz", hash = "sha256:804dccd8a4a6242c4e30ad961e540e18a588f6527202f2d6791b01845d59fdc9"},
]

[[package]]
name = "tomlkit"
version = "0.15.0"
requires_python = ">=3.9"
summary = "Style preserving TOML library"
groups = ["default"]
files = [
    {file = "tomlkit-0.15.0-py3-none-any.whl", hash = "sha256:4dbc8f0fc024412b57ced8757ac7461305126a648ff8c2c807fcb8e133a78738"},
    {file = "tomlkit-0.15.0.tar.gz", hash = "sha256:7d1a9ecba3086638211b13814ea79c90dd54dd11993564376f3aa92271f5c7a3"},
]

[[package]]
name = "typing-extensions"
version = "4.16.0"
requires_python = ">=3.9"
summary = "Backported and Experimental Type Hints for Python 3.9+"
groups = ["default"]
files = [
    {file = "typing_extensions-4.16.0-py3-none-any.whl", hash = "sha256:481caa481374e813c1b176ada14e97f1f67a4539ce9cfeb3f350d78d6370c2e8"},
    {file = "typing_extensions-4.16.0.tar.gz", hash = "sha256:dc983d19a509c94dba722ee6abd33940f7c05a89e243c47e907eb4db6f1a43e5"},
]

[[package]]
name = "urllib3-future"
version = "2.22.901"
requires_python = ">=3.7"
summary = "urllib3.future is a powerful HTTP 1.1, 2, and 3 client with both sync and async interfaces"
groups = ["default"]
dependencies = [
    "h11<1.0.0,>=0.11.0",
    "jh2<6.0.0,>=5.0.3",
    "qh3<2.0.0,>=1.5.4; (platform_system == \"Darwin\" or platform_system == \"Windows\" or platform_system == \"Linux\") and platform_python_implementation == \"PyPy\" and (platform_machine == \"x86_64\" or platform_machine == \"s390x\" or platform_machine == \"armv7l\" or platform_machine == \"ppc64le\" or platform_machine == \"ppc64\" or platform_machine == \"AMD64\" or platform_machine == \"aarch64\" or platform_machine == \"arm64\" or platform_machine == \"ARM64\" or platform_machine == \"x86\" or platform_machine == \"i686\" or platform_machine == \"riscv64\" or platform_machine == \"riscv64gc\") and python_version < \"3.12\" or (platform_system == \"Darwin\" or platform_system == \"Windows\" or platform_system == \"Linux\") and python_full_version > \"3.7.10\" and (platform_machine == \"x86_64\" or platform_machine == \"s390x\" or platform_machine == \"armv7l\" or platform_machine == \"ppc64le\" or platform_machine == \"ppc64\" or platform_machine == \"AMD64\" or platform_machine == \"aarch64\" or platform_machine == \"arm64\" or platform_machine == \"ARM64\" or platform_machine == \"x86\" or platform_machine == \"i686\" or platform_machine == \"riscv64\" or platform_machine == \"riscv64gc\") and platform_python_implementation == \"CPython\"",
]
files = [
    {file = "urllib3_future-2.22.901-py3-none-any.whl", hash = "sha256:dc2d4572ba612be69e3f6db87d1f469b7d08f107e80fd8749081d7e6a5a2fe10"},
    {file = "urllib3_future-2.22.901.tar.gz", hash = "sha256:fbece0ff51299a213c926897ffbed61d820ab5ef2ba81cece361c049fe2f51a9"},
]

[[package]]
name = "wassima"
version = "2.1.2"
requires_python = ">=3.7"
summary = "Access your OS root certificates with utmost ease"
groups = ["default"]
marker = "sys_platform != \"emscripten\""
files = [
    {file = "wassima-2.1.2-py3-none-any.whl", hash = "sha256:9a5779e8ade39960973c6cc17e095cc998d6345ab3dbdd1ec2d7fde8c356fb82"},
    {file = "wassima-2.1.2.tar.gz", hash = "sha256:f74b5441151728c54118ece6d747cfe92b2c595a3d062a1955f42a2bc894cd10"},
]
